// !$*UTF8*$!
{
	archiveVersion = 1;
	classes = {
	};
	objectVersion = 77;
	objects = {

/* Begin PBXBuildFile section */
		5405212A2F0670D6001B48A7 /* StudyTimerAttributes.swift in Sources */ = {isa = PBXBuildFile; fileRef = 540521282F0670D6001B48A7 /* StudyTimerAttributes.swift */; };
		5405212B2F0670D6001B48A7 /* StudyTimerWidget.swift in Sources */ = {isa = PBXBuildFile; fileRef = 540521292F0670D6001B48A7 /* StudyTimerWidget.swift */; };
		5405212D2F06710C001B48A7 /* StudyTimerAttributes.swift in Sources */ = {isa = PBXBuildFile; fileRef = 5405212C2F06710C001B48A7 /* StudyTimerAttributes.swift */; };
		540ED2D62EDA9E9400CCC7A9 /* FirebaseAnalytics in Frameworks */ = {isa = PBXBuildFile; productRef = 540ED2D52EDA9E9400CCC7A9 /* FirebaseAnalytics */; };
		540ED2D82EDA9E9400CCC7A9 /* FirebaseAuth in Frameworks */ = {isa = PBXBuildFile; productRef = 540ED2D72EDA9E9400CCC7A9 /* FirebaseAuth */; };
		54195E1D2F139CE9009F01D4 /* RevenueCat in Frameworks */ = {isa = PBXBuildFile; productRef = 54195E1C2F139CE9009F01D4 /* RevenueCat */; };
		54195E1F2F139CE9009F01D4 /* RevenueCatUI in Frameworks */ = {isa = PBXBuildFile; productRef = 54195E1E2F139CE9009F01D4 /* RevenueCatUI */; };
		54195E212F139D05009F01D4 /* PurchaseManager.swift in Sources */ = {isa = PBXBuildFile; fileRef = 54195E202F139D05009F01D4 /* PurchaseManager.swift */; };
		5432C7582EE3FCBF005B4221 /* NoticeData.swift in Sources */ = {isa = PBXBuildFile; fileRef = 5432C7572EE3FCBF005B4221 /* NoticeData.swift */; };
		5432C75A2EE3FCF7005B4221 /* NoticeSettingsView.swift in Sources */ = {isa = PBXBuildFile; fileRef = 5432C7592EE3FCF7005B4221 /* NoticeSettingsView.swift */; };
		5432C75C2EE3FE24005B4221 /* NoticeListView.swift in Sources */ = {isa = PBXBuildFile; fileRef = 5432C75B2EE3FE24005B4221 /* NoticeListView.swift */; };
		5432C75E2EE3FF69005B4221 /* SafariView.swift in Sources */ = {isa = PBXBuildFile; fileRef = 5432C75D2EE3FF69005B4221 /* SafariView.swift */; };
		543440922EDB139300E736A0 /* FirebaseFirestore in Frameworks */ = {isa = PBXBuildFile; productRef = 543440912EDB139300E736A0 /* FirebaseFirestore */; };
		5435A2172F0807C3002A37D4 /* MainCharacterView.swift in Sources */ = {isa = PBXBuildFile; fileRef = 5435A2162F0807C3002A37D4 /* MainCharacterView.swift */; };
		5435A2182F0807C3002A37D4 /* CharacterStorageView.swift in Sources */ = {isa = PBXBuildFile; fileRef = 5435A2152F0807C3002A37D4 /* CharacterStorageView.swift */; };
		5435A21A2F0807E3002A37D4 /* CharacterManager.swift in Sources */ = {isa = PBXBuildFile; fileRef = 5435A2192F0807E3002A37D4 /* CharacterManager.swift */; };
		5435A21C2F081188002A37D4 /* StartingCharacterSelectionView.swift in Sources */ = {isa = PBXBuildFile; fileRef = 5435A21B2F081188002A37D4 /* StartingCharacterSelectionView.swift */; };
		5435A21E2F081310002A37D4 /* CharacterShopView.swift in Sources */ = {isa = PBXBuildFile; fileRef = 5435A21D2F081310002A37D4 /* CharacterShopView.swift */; };
		544E3A042EE5E6F800551E30 /* TimeTableView.swift in Sources */ = {isa = PBXBuildFile; fileRef = 544E3A032EE5E6F800551E30 /* TimeTableView.swift */; };
		544E3A062EE5E84900551E30 /* TimeTableFullScreenView.swift in Sources */ = {isa = PBXBuildFile; fileRef = 544E3A052EE5E84900551E30 /* TimeTableFullScreenView.swift */; };
		544E3A082EE5E95B00551E30 /* DDayWidget.swift in Sources */ = {isa = PBXBuildFile; fileRef = 544E3A072EE5E95B00551E30 /* DDayWidget.swift */; };
		545077652F0FD084005D3CA6 /* DailyMemo.swift in Sources */ = {isa = PBXBuildFile; fileRef = 545077642F0FD084005D3CA6 /* DailyMemo.swift */; };
		54589FA42F015F8200B20684 /* StudyNavigationManager.swift in Sources */ = {isa = PBXBuildFile; fileRef = 54589FA32F015F8200B20684 /* StudyNavigationManager.swift */; };
		5459AE2D2EE19535008EE0E4 /* AddGoalView.swift in Sources */ = {isa = PBXBuildFile; fileRef = 5459AE0D2EE19535008EE0E4 /* AddGoalView.swift */; };
		5459AE2E2EE19535008EE0E4 /* AddScheduleView.swift in Sources */ = {isa = PBXBuildFile; fileRef = 5459AE0E2EE19535008EE0E4 /* AddScheduleView.swift */; };
		5459AE2F2EE19535008EE0E4 /* AuthManager.swift in Sources */ = {isa = PBXBuildFile; fileRef = 5459AE102EE19535008EE0E4 /* AuthManager.swift */; };
		5459AE302EE19535008EE0E4 /* CharacterLevel.swift in Sources */ = {isa = PBXBuildFile; fileRef = 5459AE112EE19535008EE0E4 /* CharacterLevel.swift */; };
		5459AE312EE19535008EE0E4 /* CharacterView.swift in Sources */ = {isa = PBXBuildFile; fileRef = 5459AE122EE19535008EE0E4 /* CharacterView.swift */; };
		5459AE322EE19535008EE0E4 /* DailyDetailView.swift in Sources */ = {isa = PBXBuildFile; fileRef = 5459AE132EE19535008EE0E4 /* DailyDetailView.swift */; };
		5459AE332EE19535008EE0E4 /* DailyTimelineView.swift in Sources */ = {isa = PBXBuildFile; fileRef = 5459AE142EE19535008EE0E4 /* DailyTimelineView.swift */; };
		5459AE342EE19535008EE0E4 /* EditScheduleView.swift in Sources */ = {isa = PBXBuildFile; fileRef = 5459AE152EE19535008EE0E4 /* EditScheduleView.swift */; };
		5459AE352EE19535008EE0E4 /* FirestoreSyncManager.swift in Sources */ = {isa = PBXBuildFile; fileRef = 5459AE162EE19535008EE0E4 /* FirestoreSyncManager.swift */; };
		5459AE362EE19535008EE0E4 /* Goal.swift in Sources */ = {isa = PBXBuildFile; fileRef = 5459AE172EE19535008EE0E4 /* Goal.swift */; };
		5459AE372EE19535008EE0E4 /* GoalListView.swift in Sources */ = {isa = PBXBuildFile; fileRef = 5459AE182EE19535008EE0E4 /* GoalListView.swift */; };
		5459AE392EE19535008EE0E4 /* LoginView.swift in Sources */ = {isa = PBXBuildFile; fileRef = 5459AE1B2EE19535008EE0E4 /* LoginView.swift */; };
		5459AE3A2EE19535008EE0E4 /* MainTabView.swift in Sources */ = {isa = PBXBuildFile; fileRef = 5459AE1C2EE19535008EE0E4 /* MainTabView.swift */; };
		5459AE3B2EE19535008EE0E4 /* PlannerView.swift in Sources */ = {isa = PBXBuildFile; fileRef = 5459AE1D2EE19535008EE0E4 /* PlannerView.swift */; };
		5459AE3C2EE19535008EE0E4 /* QuoteManager.swift in Sources */ = {isa = PBXBuildFile; fileRef = 5459AE1E2EE19535008EE0E4 /* QuoteManager.swift */; };
		5459AE3D2EE19535008EE0E4 /* RootView.swift in Sources */ = {isa = PBXBuildFile; fileRef = 5459AE1F2EE19535008EE0E4 /* RootView.swift */; };
		5459AE3E2EE19535008EE0E4 /* ScheduleItem.swift in Sources */ = {isa = PBXBuildFile; fileRef = 5459AE202EE19535008EE0E4 /* ScheduleItem.swift */; };
		5459AE3F2EE19535008EE0E4 /* SettingsManager.swift in Sources */ = {isa = PBXBuildFile; fileRef = 5459AE212EE19535008EE0E4 /* SettingsManager.swift */; };
		5459AE402EE19535008EE0E4 /* SettingsView.swift in Sources */ = {isa = PBXBuildFile; fileRef = 5459AE222EE19535008EE0E4 /* SettingsView.swift */; };
		5459AE412EE19535008EE0E4 /* SignUpView.swift in Sources */ = {isa = PBXBuildFile; fileRef = 5459AE232EE19535008EE0E4 /* SignUpView.swift */; };
		5459AE422EE19535008EE0E4 /* SplashView.swift in Sources */ = {isa = PBXBuildFile; fileRef = 5459AE242EE19535008EE0E4 /* SplashView.swift */; };
		5459AE432EE19535008EE0E4 /* StatisticsView.swift in Sources */ = {isa = PBXBuildFile; fileRef = 5459AE252EE19535008EE0E4 /* StatisticsView.swift */; };
		5459AE442EE19535008EE0E4 /* StudyPurpose.swift in Sources */ = {isa = PBXBuildFile; fileRef = 5459AE262EE19535008EE0E4 /* StudyPurpose.swift */; };
		5459AE452EE19535008EE0E4 /* StudyRecord.swift in Sources */ = {isa = PBXBuildFile; fileRef = 5459AE272EE19535008EE0E4 /* StudyRecord.swift */; };
		5459AE462EE19535008EE0E4 /* SubjectDetailView.swift in Sources */ = {isa = PBXBuildFile; fileRef = 5459AE282EE19535008EE0E4 /* SubjectDetailView.swift */; };
		5459AE472EE19535008EE0E4 /* SubjectName.swift in Sources */ = {isa = PBXBuildFile; fileRef = 5459AE292EE19535008EE0E4 /* SubjectName.swift */; };
		5459AE482EE19535008EE0E4 /* SubjectSelectView.swift in Sources */ = {isa = PBXBuildFile; fileRef = 5459AE2A2EE19535008EE0E4 /* SubjectSelectView.swift */; };
		5459AE492EE19535008EE0E4 /* TeachersKnock_iosApp.swift in Sources */ = {isa = PBXBuildFile; fileRef = 5459AE2B2EE19535008EE0E4 /* TeachersKnock_iosApp.swift */; };
		5459AE4A2EE19535008EE0E4 /* TimerView.swift in Sources */ = {isa = PBXBuildFile; fileRef = 5459AE2C2EE19535008EE0E4 /* TimerView.swift */; };
		5459AE4B2EE19535008EE0E4 /* Assets.xcassets in Resources */ = {isa = PBXBuildFile; fileRef = 5459AE0F2EE19535008EE0E4 /* Assets.xcassets */; };
		5459AE4C2EE19535008EE0E4 /* GoogleService-Info.plist in Resources */ = {isa = PBXBuildFile; fileRef = 5459AE192EE19535008EE0E4 /* GoogleService-Info.plist */; };
		5459AE5C2EE1A10E008EE0E4 /* PlannerViewModel.swift in Sources */ = {isa = PBXBuildFile; fileRef = 5459AE5B2EE1A10E008EE0E4 /* PlannerViewModel.swift */; };
		5459AE5E2EE1A1F4008EE0E4 /* TimerViewModel.swift in Sources */ = {isa = PBXBuildFile; fileRef = 5459AE5D2EE1A1F4008EE0E4 /* TimerViewModel.swift */; };
		5459AE602EE1A2BF008EE0E4 /* GoalViewModel.swift in Sources */ = {isa = PBXBuildFile; fileRef = 5459AE5F2EE1A2BF008EE0E4 /* GoalViewModel.swift */; };
		546B334C2F004ABB00741EE2 /* GoalManager.swift in Sources */ = {isa = PBXBuildFile; fileRef = 546B334B2F004ABB00741EE2 /* GoalManager.swift */; };
		546B334E2F004E9900741EE2 /* ScheduleManager.swift in Sources */ = {isa = PBXBuildFile; fileRef = 546B334D2F004E9900741EE2 /* ScheduleManager.swift */; };
		546F5CD12EE3290C009105C7 /* SubjectManagementView.swift in Sources */ = {isa = PBXBuildFile; fileRef = 546F5CD02EE3290C009105C7 /* SubjectManagementView.swift */; };
		546F5CD32EE331BF009105C7 /* StudySubject.swift in Sources */ = {isa = PBXBuildFile; fileRef = 546F5CD22EE331BF009105C7 /* StudySubject.swift */; };
		547231112F1652AA00EAB162 /* RadarChartView.swift in Sources */ = {isa = PBXBuildFile; fileRef = 547231102F1652AA00EAB162 /* RadarChartView.swift */; };
		547231122F1652AA00EAB162 /* AIAnalysisView.swift in Sources */ = {isa = PBXBuildFile; fileRef = 5472310F2F1652AA00EAB162 /* AIAnalysisView.swift */; };
		54749F4B2F02CC2E00EC69CF /* GoalColorHelper.swift in Sources */ = {isa = PBXBuildFile; fileRef = 54749F4A2F02CC2E00EC69CF /* GoalColorHelper.swift */; };
		547DC4DF2F027FD5000EEE3B /* SubjectColorManager.swift in Sources */ = {isa = PBXBuildFile; fileRef = 547DC4DE2F027FD5000EEE3B /* SubjectColorManager.swift */; };
		548AFA972F0BADC7003EA411 /* AlertManager.swift in Sources */ = {isa = PBXBuildFile; fileRef = 548AFA962F0BADC7003EA411 /* AlertManager.swift */; };
		548AFA9B2F0BADFA003EA411 /* ParticipationView.swift in Sources */ = {isa = PBXBuildFile; fileRef = 548AFA992F0BADFA003EA411 /* ParticipationView.swift */; };
		548AFA9C2F0BADFA003EA411 /* CheerBoardView.swift in Sources */ = {isa = PBXBuildFile; fileRef = 548AFA982F0BADFA003EA411 /* CheerBoardView.swift */; };
		548AFA9E2F0BAE23003EA411 /* Cheer.swift in Sources */ = {isa = PBXBuildFile; fileRef = 548AFA9D2F0BAE23003EA411 /* Cheer.swift */; };
		548AFAA02F0BBB73003EA411 /* NoticeSheet.swift in Sources */ = {isa = PBXBuildFile; fileRef = 548AFA9F2F0BBB73003EA411 /* NoticeSheet.swift */; };
		548AFAA22F0BBB8D003EA411 /* StudyGroupListView_Preview.swift in Sources */ = {isa = PBXBuildFile; fileRef = 548AFAA12F0BBB8D003EA411 /* StudyGroupListView_Preview.swift */; };
		548AFAA42F0BCAC8003EA411 /* PairingSheet.swift in Sources */ = {isa = PBXBuildFile; fileRef = 548AFAA32F0BCAC8003EA411 /* PairingSheet.swift */; };
		548AFAA72F0BD6F6003EA411 /* CommonTimerSetupView.swift in Sources */ = {isa = PBXBuildFile; fileRef = 548AFAA52F0BD6F6003EA411 /* CommonTimerSetupView.swift */; };
		548AFAA82F0BD6F6003EA411 /* CommonTimerView.swift in Sources */ = {isa = PBXBuildFile; fileRef = 548AFAA62F0BD6F6003EA411 /* CommonTimerView.swift */; };
		5498D8ED2F062DE800BAB26B /* WidgetKit.framework in Frameworks */ = {isa = PBXBuildFile; fileRef = 5498D8EC2F062DE800BAB26B /* WidgetKit.framework */; };
		5498D8EF2F062DE800BAB26B /* SwiftUI.framework in Frameworks */ = {isa = PBXBuildFile; fileRef = 5498D8EE2F062DE800BAB26B /* SwiftUI.framework */; };
		5498D8FE2F062DE900BAB26B /* Teacher'sKnockWidgetExtension.appex in Embed Foundation Extensions */ = {isa = PBXBuildFile; fileRef = 5498D8EB2F062DE800BAB26B /* Teacher'sKnockWidgetExtension.appex */; settings = {ATTRIBUTES = (RemoveHeadersOnCopy, ); }; };
		5498D90D2F06330900BAB26B /* WidgetDataHelper.swift in Sources */ = {isa = PBXBuildFile; fileRef = 5498D90C2F06330900BAB26B /* WidgetDataHelper.swift */; };
		5498D90E2F0634B000BAB26B /* GoalColorHelper.swift in Sources */ = {isa = PBXBuildFile; fileRef = 54749F4A2F02CC2E00EC69CF /* GoalColorHelper.swift */; };
		5498D90F2F0634D000BAB26B /* CharacterLevel.swift in Sources */ = {isa = PBXBuildFile; fileRef = 5459AE112EE19535008EE0E4 /* CharacterLevel.swift */; };
		5498D91A2F064FEF00BAB26B /* Assets.xcassets in Resources */ = {isa = PBXBuildFile; fileRef = 5498D9122F064FEF00BAB26B /* Assets.xcassets */; };
		5498D91B2F064FEF00BAB26B /* PrimaryGoalWidgetEntryView.swift in Sources */ = {isa = PBXBuildFile; fileRef = 5498D9152F064FEF00BAB26B /* PrimaryGoalWidgetEntryView.swift */; };
		5498D91C2F064FEF00BAB26B /* PrimaryGoalWidget.swift in Sources */ = {isa = PBXBuildFile; fileRef = 5498D9142F064FEF00BAB26B /* PrimaryGoalWidget.swift */; };
		5498D91D2F064FEF00BAB26B /* TeachersKnockWidgetBundle.swift in Sources */ = {isa = PBXBuildFile; fileRef = 5498D9172F064FEF00BAB26B /* TeachersKnockWidgetBundle.swift */; };
		5498D91E2F064FEF00BAB26B /* PrimaryGoalWidgetProvider.swift in Sources */ = {isa = PBXBuildFile; fileRef = 5498D9162F064FEF00BAB26B /* PrimaryGoalWidgetProvider.swift */; };
		54A40FE72F0A1B4500A0474F /* AddFriendView.swift in Sources */ = {isa = PBXBuildFile; fileRef = 54A40FE52F0A1B4500A0474F /* AddFriendView.swift */; };
		54A40FE82F0A1B4500A0474F /* FriendListView.swift in Sources */ = {isa = PBXBuildFile; fileRef = 54A40FE62F0A1B4500A0474F /* FriendListView.swift */; };
		54A40FEA2F0A1B5E00A0474F /* FriendManager.swift in Sources */ = {isa = PBXBuildFile; fileRef = 54A40FE92F0A1B5E00A0474F /* FriendManager.swift */; };
		54A40FEC2F0A1B6600A0474F /* User.swift in Sources */ = {isa = PBXBuildFile; fileRef = 54A40FEB2F0A1B6600A0474F /* User.swift */; };
		54A40FEE2F0A57A200A0474F /* ProfileImageView.swift in Sources */ = {isa = PBXBuildFile; fileRef = 54A40FED2F0A57A200A0474F /* ProfileImageView.swift */; };
		54A40FF02F0A646300A0474F /* InvitationManager.swift in Sources */ = {isa = PBXBuildFile; fileRef = 54A40FEF2F0A646300A0474F /* InvitationManager.swift */; };
		54A40FF22F0A648200A0474F /* StudyInvitation.swift in Sources */ = {isa = PBXBuildFile; fileRef = 54A40FF12F0A648200A0474F /* StudyInvitation.swift */; };
		54A40FF42F0A6C4E00A0474F /* FriendRequestManager.swift in Sources */ = {isa = PBXBuildFile; fileRef = 54A40FF32F0A6C4E00A0474F /* FriendRequestManager.swift */; };
		54A40FF62F0A6C5700A0474F /* FriendRequest.swift in Sources */ = {isa = PBXBuildFile; fileRef = 54A40FF52F0A6C5700A0474F /* FriendRequest.swift */; };
		54A40FF82F0A99A400A0474F /* AudioLevelManager.swift in Sources */ = {isa = PBXBuildFile; fileRef = 54A40FF72F0A99A400A0474F /* AudioLevelManager.swift */; };
		54A999242F1A2CA400483BBD /* NanumSquareRoundR.ttf in Resources */ = {isa = PBXBuildFile; fileRef = 54A999232F1A2CA400483BBD /* NanumSquareRoundR.ttf */; };
		54A999252F1A2CA400483BBD /* NanumSquareRoundB.ttf in Resources */ = {isa = PBXBuildFile; fileRef = 54A999212F1A2CA400483BBD /* NanumSquareRoundB.ttf */; };
		54A999262F1A2CA400483BBD /* NanumSquareRoundEB.ttf in Resources */ = {isa = PBXBuildFile; fileRef = 54A999222F1A2CA400483BBD /* NanumSquareRoundEB.ttf */; };
		54BE67F32F07C37D00E6EC64 /* StudyGroup.swift in Sources */ = {isa = PBXBuildFile; fileRef = 54BE67F22F07C37D00E6EC64 /* StudyGroup.swift */; };
		54BE67F52F07C39000E6EC64 /* StudyGroupManager.swift in Sources */ = {isa = PBXBuildFile; fileRef = 54BE67F42F07C39000E6EC64 /* StudyGroupManager.swift */; };
		54BE67FB2F07C3B700E6EC64 /* StudyGroupCreationView.swift in Sources */ = {isa = PBXBuildFile; fileRef = 54BE67F72F07C3B700E6EC64 /* StudyGroupCreationView.swift */; };
		54BE67FC2F07C3B700E6EC64 /* MemberInviteView.swift in Sources */ = {isa = PBXBuildFile; fileRef = 54BE67F62F07C3B700E6EC64 /* MemberInviteView.swift */; };
		54BE67FD2F07C3B700E6EC64 /* StudyGroupListView.swift in Sources */ = {isa = PBXBuildFile; fileRef = 54BE67F92F07C3B700E6EC64 /* StudyGroupListView.swift */; };
		54BE67FE2F07C3B700E6EC64 /* StudyGroupDetailView.swift in Sources */ = {isa = PBXBuildFile; fileRef = 54BE67F82F07C3B700E6EC64 /* StudyGroupDetailView.swift */; };
		54CB0AF92EE66A8800983074 /* HorizontalTimelineView.swift in Sources */ = {isa = PBXBuildFile; fileRef = 54CB0AF82EE66A8800983074 /* HorizontalTimelineView.swift */; };
		54CB0AFB2EE66E8D00983074 /* DailySwipeView.swift in Sources */ = {isa = PBXBuildFile; fileRef = 54CB0AFA2EE66E8D00983074 /* DailySwipeView.swift */; };
		54CDE1582EFE3B8200A2D8CA /* CustomCalendarView.swift in Sources */ = {isa = PBXBuildFile; fileRef = 54CDE1572EFE3B8200A2D8CA /* CustomCalendarView.swift */; };
		54DBCD162F010AB200B43C2B /* DailyNote.swift in Sources */ = {isa = PBXBuildFile; fileRef = 54DBCD152F010AB200B43C2B /* DailyNote.swift */; };
		54DBCD1A2F011C2100B43C2B /* StudyTimerView.swift in Sources */ = {isa = PBXBuildFile; fileRef = 54DBCD192F011C2100B43C2B /* StudyTimerView.swift */; };
		54E3CD812F0ECF090006A183 /* GroupSchedule.swift in Sources */ = {isa = PBXBuildFile; fileRef = 54E3CD802F0ECF090006A183 /* GroupSchedule.swift */; };
		54E3CD832F0ECF180006A183 /* GroupScheduleManager.swift in Sources */ = {isa = PBXBuildFile; fileRef = 54E3CD822F0ECF180006A183 /* GroupScheduleManager.swift */; };
		54E3CD882F0ECF3C0006A183 /* GroupScheduleView.swift in Sources */ = {isa = PBXBuildFile; fileRef = 54E3CD862F0ECF3C0006A183 /* GroupScheduleView.swift */; };
		54E3CD892F0ECF3C0006A183 /* GlobalScheduleView.swift in Sources */ = {isa = PBXBuildFile; fileRef = 54E3CD852F0ECF3C0006A183 /* GlobalScheduleView.swift */; };
		54E3CD8A2F0ECF3C0006A183 /* AddGroupScheduleView.swift in Sources */ = {isa = PBXBuildFile; fileRef = 54E3CD842F0ECF3C0006A183 /* AddGroupScheduleView.swift */; };
		54E3CD8C2F0ED39C0006A183 /* EditGroupScheduleView.swift in Sources */ = {isa = PBXBuildFile; fileRef = 54E3CD8B2F0ED39C0006A183 /* EditGroupScheduleView.swift */; };
		54E5ED8A2F00E886003031AC /* Schedule.swift in Sources */ = {isa = PBXBuildFile; fileRef = 54E5ED892F00E886003031AC /* Schedule.swift */; };
		54F81CD22EE1AC8E002226B4 /* DailyDetailViewModel.swift in Sources */ = {isa = PBXBuildFile; fileRef = 54F81CD12EE1AC8E002226B4 /* DailyDetailViewModel.swift */; };
		54F81CD42EE1B06C002226B4 /* DailyTimelineViewModel.swift in Sources */ = {isa = PBXBuildFile; fileRef = 54F81CD32EE1B06C002226B4 /* DailyTimelineViewModel.swift */; };
		54F81CD62EE1B383002226B4 /* AddScheduleViewModel.swift in Sources */ = {isa = PBXBuildFile; fileRef = 54F81CD52EE1B383002226B4 /* AddScheduleViewModel.swift */; };
		54F81CD82EE1CBBB002226B4 /* SchedulePreviewView.swift in Sources */ = {isa = PBXBuildFile; fileRef = 54F81CD72EE1CBBB002226B4 /* SchedulePreviewView.swift */; };
		54F81CDA2EE1D13B002226B4 /* ReportListView.swift in Sources */ = {isa = PBXBuildFile; fileRef = 54F81CD92EE1D13B002226B4 /* ReportListView.swift */; };
		54F81CDC2EE1D47B002226B4 /* WeeklyReportDetailView.swift in Sources */ = {isa = PBXBuildFile; fileRef = 54F81CDB2EE1D47B002226B4 /* WeeklyReportDetailView.swift */; };
		54F81CDE2EE1D5C7002226B4 /* MonthlyReportDetailView.swift in Sources */ = {isa = PBXBuildFile; fileRef = 54F81CDD2EE1D5C7002226B4 /* MonthlyReportDetailView.swift */; };
/* End PBXBuildFile section */

/* Begin PBXContainerItemProxy section */
		5498D8FC2F062DE900BAB26B /* PBXContainerItemProxy */ = {
			isa = PBXContainerItemProxy;
			containerPortal = 54A1D35C2EDA82FF008BD532 /* Project object */;
			proxyType = 1;
			remoteGlobalIDString = 5498D8EA2F062DE800BAB26B;
			remoteInfo = "Teacher'sKnockWidgetExtension";
		};
/* End PBXContainerItemProxy section */

/* Begin PBXCopyFilesBuildPhase section */
		5498D8FF2F062DE900BAB26B /* Embed Foundation Extensions */ = {
			isa = PBXCopyFilesBuildPhase;
			buildActionMask = 2147483647;
			dstPath = "";
			dstSubfolderSpec = 13;
			files = (
				5498D8FE2F062DE900BAB26B /* Teacher'sKnockWidgetExtension.appex in Embed Foundation Extensions */,
			);
			name = "Embed Foundation Extensions";
			runOnlyForDeploymentPostprocessing = 0;
		};
/* End PBXCopyFilesBuildPhase section */

/* Begin PBXFileReference section */
		540521282F0670D6001B48A7 /* StudyTimerAttributes.swift */ = {isa = PBXFileReference; lastKnownFileType = sourcecode.swift; path = StudyTimerAttributes.swift; sourceTree = "<group>"; };
		540521292F0670D6001B48A7 /* StudyTimerWidget.swift */ = {isa = PBXFileReference; lastKnownFileType = sourcecode.swift; path = StudyTimerWidget.swift; sourceTree = "<group>"; };
		5405212C2F06710C001B48A7 /* StudyTimerAttributes.swift */ = {isa = PBXFileReference; lastKnownFileType = sourcecode.swift; path = StudyTimerAttributes.swift; sourceTree = "<group>"; };
		54195E202F139D05009F01D4 /* PurchaseManager.swift */ = {isa = PBXFileReference; lastKnownFileType = sourcecode.swift; path = PurchaseManager.swift; sourceTree = "<group>"; };
		5432C7572EE3FCBF005B4221 /* NoticeData.swift */ = {isa = PBXFileReference; lastKnownFileType = sourcecode.swift; path = NoticeData.swift; sourceTree = "<group>"; };
		5432C7592EE3FCF7005B4221 /* NoticeSettingsView.swift */ = {isa = PBXFileReference; lastKnownFileType = sourcecode.swift; path = NoticeSettingsView.swift; sourceTree = "<group>"; };
		5432C75B2EE3FE24005B4221 /* NoticeListView.swift */ = {isa = PBXFileReference; lastKnownFileType = sourcecode.swift; path = NoticeListView.swift; sourceTree = "<group>"; };
		5432C75D2EE3FF69005B4221 /* SafariView.swift */ = {isa = PBXFileReference; lastKnownFileType = sourcecode.swift; path = SafariView.swift; sourceTree = "<group>"; };
		5435A2152F0807C3002A37D4 /* CharacterStorageView.swift */ = {isa = PBXFileReference; lastKnownFileType = sourcecode.swift; path = CharacterStorageView.swift; sourceTree = "<group>"; };
		5435A2162F0807C3002A37D4 /* MainCharacterView.swift */ = {isa = PBXFileReference; lastKnownFileType = sourcecode.swift; path = MainCharacterView.swift; sourceTree = "<group>"; };
		5435A2192F0807E3002A37D4 /* CharacterManager.swift */ = {isa = PBXFileReference; lastKnownFileType = sourcecode.swift; path = CharacterManager.swift; sourceTree = "<group>"; };
		5435A21B2F081188002A37D4 /* StartingCharacterSelectionView.swift */ = {isa = PBXFileReference; lastKnownFileType = sourcecode.swift; path = StartingCharacterSelectionView.swift; sourceTree = "<group>"; };
		5435A21D2F081310002A37D4 /* CharacterShopView.swift */ = {isa = PBXFileReference; lastKnownFileType = sourcecode.swift; path = CharacterShopView.swift; sourceTree = "<group>"; };
		544E3A032EE5E6F800551E30 /* TimeTableView.swift */ = {isa = PBXFileReference; lastKnownFileType = sourcecode.swift; path = TimeTableView.swift; sourceTree = "<group>"; };
		544E3A052EE5E84900551E30 /* TimeTableFullScreenView.swift */ = {isa = PBXFileReference; lastKnownFileType = sourcecode.swift; path = TimeTableFullScreenView.swift; sourceTree = "<group>"; };
		544E3A072EE5E95B00551E30 /* DDayWidget.swift */ = {isa = PBXFileReference; lastKnownFileType = sourcecode.swift; path = DDayWidget.swift; sourceTree = "<group>"; };
		545077642F0FD084005D3CA6 /* DailyMemo.swift */ = {isa = PBXFileReference; lastKnownFileType = sourcecode.swift; path = DailyMemo.swift; sourceTree = "<group>"; };
		54589FA32F015F8200B20684 /* StudyNavigationManager.swift */ = {isa = PBXFileReference; lastKnownFileType = sourcecode.swift; path = StudyNavigationManager.swift; sourceTree = "<group>"; };
		5459AE0D2EE19535008EE0E4 /* AddGoalView.swift */ = {isa = PBXFileReference; lastKnownFileType = sourcecode.swift; path = AddGoalView.swift; sourceTree = "<group>"; };
		5459AE0E2EE19535008EE0E4 /* AddScheduleView.swift */ = {isa = PBXFileReference; lastKnownFileType = sourcecode.swift; path = AddScheduleView.swift; sourceTree = "<group>"; };
		5459AE0F2EE19535008EE0E4 /* Assets.xcassets */ = {isa = PBXFileReference; lastKnownFileType = folder.assetcatalog; path = Assets.xcassets; sourceTree = "<group>"; };
		5459AE102EE19535008EE0E4 /* AuthManager.swift */ = {isa = PBXFileReference; lastKnownFileType = sourcecode.swift; path = AuthManager.swift; sourceTree = "<group>"; };
		5459AE112EE19535008EE0E4 /* CharacterLevel.swift */ = {isa = PBXFileReference; lastKnownFileType = sourcecode.swift; path = CharacterLevel.swift; sourceTree = "<group>"; };
		5459AE122EE19535008EE0E4 /* CharacterView.swift */ = {isa = PBXFileReference; lastKnownFileType = sourcecode.swift; path = CharacterView.swift; sourceTree = "<group>"; };
		5459AE132EE19535008EE0E4 /* DailyDetailView.swift */ = {isa = PBXFileReference; lastKnownFileType = sourcecode.swift; path = DailyDetailView.swift; sourceTree = "<group>"; };
		5459AE142EE19535008EE0E4 /* DailyTimelineView.swift */ = {isa = PBXFileReference; lastKnownFileType = sourcecode.swift; path = DailyTimelineView.swift; sourceTree = "<group>"; };
		5459AE152EE19535008EE0E4 /* EditScheduleView.swift */ = {isa = PBXFileReference; lastKnownFileType = sourcecode.swift; path = EditScheduleView.swift; sourceTree = "<group>"; };
		5459AE162EE19535008EE0E4 /* FirestoreSyncManager.swift */ = {isa = PBXFileReference; lastKnownFileType = sourcecode.swift; path = FirestoreSyncManager.swift; sourceTree = "<group>"; };
		5459AE172EE19535008EE0E4 /* Goal.swift */ = {isa = PBXFileReference; lastKnownFileType = sourcecode.swift; path = Goal.swift; sourceTree = "<group>"; };
		5459AE182EE19535008EE0E4 /* GoalListView.swift */ = {isa = PBXFileReference; lastKnownFileType = sourcecode.swift; path = GoalListView.swift; sourceTree = "<group>"; };
		5459AE192EE19535008EE0E4 /* GoogleService-Info.plist */ = {isa = PBXFileReference; lastKnownFileType = text.plist.xml; path = "GoogleService-Info.plist"; sourceTree = "<group>"; };
		5459AE1B2EE19535008EE0E4 /* LoginView.swift */ = {isa = PBXFileReference; lastKnownFileType = sourcecode.swift; path = LoginView.swift; sourceTree = "<group>"; };
		5459AE1C2EE19535008EE0E4 /* MainTabView.swift */ = {isa = PBXFileReference; lastKnownFileType = sourcecode.swift; path = MainTabView.swift; sourceTree = "<group>"; };
		5459AE1D2EE19535008EE0E4 /* PlannerView.swift */ = {isa = PBXFileReference; lastKnownFileType = sourcecode.swift; path = PlannerView.swift; sourceTree = "<group>"; };
		5459AE1E2EE19535008EE0E4 /* QuoteManager.swift */ = {isa = PBXFileReference; lastKnownFileType = sourcecode.swift; path = QuoteManager.swift; sourceTree = "<group>"; };
		5459AE1F2EE19535008EE0E4 /* RootView.swift */ = {isa = PBXFileReference; lastKnownFileType = sourcecode.swift; path = RootView.swift; sourceTree = "<group>"; };
		5459AE202EE19535008EE0E4 /* ScheduleItem.swift */ = {isa = PBXFileReference; lastKnownFileType = sourcecode.swift; path = ScheduleItem.swift; sourceTree = "<group>"; };
		5459AE212EE19535008EE0E4 /* SettingsManager.swift */ = {isa = PBXFileReference; lastKnownFileType = sourcecode.swift; path = SettingsManager.swift; sourceTree = "<group>"; };
		5459AE222EE19535008EE0E4 /* SettingsView.swift */ = {isa = PBXFileReference; lastKnownFileType = sourcecode.swift; path = SettingsView.swift; sourceTree = "<group>"; };
		5459AE232EE19535008EE0E4 /* SignUpView.swift */ = {isa = PBXFileReference; lastKnownFileType = sourcecode.swift; path = SignUpView.swift; sourceTree = "<group>"; };
		5459AE242EE19535008EE0E4 /* SplashView.swift */ = {isa = PBXFileReference; lastKnownFileType = sourcecode.swift; path = SplashView.swift; sourceTree = "<group>"; };
		5459AE252EE19535008EE0E4 /* StatisticsView.swift */ = {isa = PBXFileReference; lastKnownFileType = sourcecode.swift; path = StatisticsView.swift; sourceTree = "<group>"; };
		5459AE262EE19535008EE0E4 /* StudyPurpose.swift */ = {isa = PBXFileReference; lastKnownFileType = sourcecode.swift; path = StudyPurpose.swift; sourceTree = "<group>"; };
		5459AE272EE19535008EE0E4 /* StudyRecord.swift */ = {isa = PBXFileReference; lastKnownFileType = sourcecode.swift; path = StudyRecord.swift; sourceTree = "<group>"; };
		5459AE282EE19535008EE0E4 /* SubjectDetailView.swift */ = {isa = PBXFileReference; lastKnownFileType = sourcecode.swift; path = SubjectDetailView.swift; sourceTree = "<group>"; };
		5459AE292EE19535008EE0E4 /* SubjectName.swift */ = {isa = PBXFileReference; lastKnownFileType = sourcecode.swift; path = SubjectName.swift; sourceTree = "<group>"; };
		5459AE2A2EE19535008EE0E4 /* SubjectSelectView.swift */ = {isa = PBXFileReference; lastKnownFileType = sourcecode.swift; path = SubjectSelectView.swift; sourceTree = "<group>"; };
		5459AE2B2EE19535008EE0E4 /* TeachersKnock_iosApp.swift */ = {isa = PBXFileReference; lastKnownFileType = sourcecode.swift; path = TeachersKnock_iosApp.swift; sourceTree = "<group>"; };
		5459AE2C2EE19535008EE0E4 /* TimerView.swift */ = {isa = PBXFileReference; lastKnownFileType = sourcecode.swift; path = TimerView.swift; sourceTree = "<group>"; };
		5459AE5B2EE1A10E008EE0E4 /* PlannerViewModel.swift */ = {isa = PBXFileReference; lastKnownFileType = sourcecode.swift; path = PlannerViewModel.swift; sourceTree = "<group>"; };
		5459AE5D2EE1A1F4008EE0E4 /* TimerViewModel.swift */ = {isa = PBXFileReference; lastKnownFileType = sourcecode.swift; path = TimerViewModel.swift; sourceTree = "<group>"; };
		5459AE5F2EE1A2BF008EE0E4 /* GoalViewModel.swift */ = {isa = PBXFileReference; lastKnownFileType = sourcecode.swift; path = GoalViewModel.swift; sourceTree = "<group>"; };
		546B334B2F004ABB00741EE2 /* GoalManager.swift */ = {isa = PBXFileReference; lastKnownFileType = sourcecode.swift; path = GoalManager.swift; sourceTree = "<group>"; };
		546B334D2F004E9900741EE2 /* ScheduleManager.swift */ = {isa = PBXFileReference; lastKnownFileType = sourcecode.swift; path = ScheduleManager.swift; sourceTree = "<group>"; };
		546F5CD02EE3290C009105C7 /* SubjectManagementView.swift */ = {isa = PBXFileReference; lastKnownFileType = sourcecode.swift; path = SubjectManagementView.swift; sourceTree = "<group>"; };
		546F5CD22EE331BF009105C7 /* StudySubject.swift */ = {isa = PBXFileReference; lastKnownFileType = sourcecode.swift; path = StudySubject.swift; sourceTree = "<group>"; };
		5472310F2F1652AA00EAB162 /* AIAnalysisView.swift */ = {isa = PBXFileReference; lastKnownFileType = sourcecode.swift; path = AIAnalysisView.swift; sourceTree = "<group>"; };
		547231102F1652AA00EAB162 /* RadarChartView.swift */ = {isa = PBXFileReference; lastKnownFileType = sourcecode.swift; path = RadarChartView.swift; sourceTree = "<group>"; };
		54749F4A2F02CC2E00EC69CF /* GoalColorHelper.swift */ = {isa = PBXFileReference; lastKnownFileType = sourcecode.swift; path = GoalColorHelper.swift; sourceTree = "<group>"; };
		547DC4DE2F027FD5000EEE3B /* SubjectColorManager.swift */ = {isa = PBXFileReference; lastKnownFileType = sourcecode.swift; path = SubjectColorManager.swift; sourceTree = "<group>"; };
		548AFA962F0BADC7003EA411 /* AlertManager.swift */ = {isa = PBXFileReference; lastKnownFileType = sourcecode.swift; path = AlertManager.swift; sourceTree = "<group>"; };
		548AFA982F0BADFA003EA411 /* CheerBoardView.swift */ = {isa = PBXFileReference; lastKnownFileType = sourcecode.swift; path = CheerBoardView.swift; sourceTree = "<group>"; };
		548AFA992F0BADFA003EA411 /* ParticipationView.swift */ = {isa = PBXFileReference; lastKnownFileType = sourcecode.swift; path = ParticipationView.swift; sourceTree = "<group>"; };
		548AFA9D2F0BAE23003EA411 /* Cheer.swift */ = {isa = PBXFileReference; lastKnownFileType = sourcecode.swift; path = Cheer.swift; sourceTree = "<group>"; };
		548AFA9F2F0BBB73003EA411 /* NoticeSheet.swift */ = {isa = PBXFileReference; lastKnownFileType = sourcecode.swift; path = NoticeSheet.swift; sourceTree = "<group>"; };
		548AFAA12F0BBB8D003EA411 /* StudyGroupListView_Preview.swift */ = {isa = PBXFileReference; lastKnownFileType = sourcecode.swift; path = StudyGroupListView_Preview.swift; sourceTree = "<group>"; };
		548AFAA32F0BCAC8003EA411 /* PairingSheet.swift */ = {isa = PBXFileReference; lastKnownFileType = sourcecode.swift; path = PairingSheet.swift; sourceTree = "<group>"; };
		548AFAA52F0BD6F6003EA411 /* CommonTimerSetupView.swift */ = {isa = PBXFileReference; lastKnownFileType = sourcecode.swift; path = CommonTimerSetupView.swift; sourceTree = "<group>"; };
		548AFAA62F0BD6F6003EA411 /* CommonTimerView.swift */ = {isa = PBXFileReference; lastKnownFileType = sourcecode.swift; path = CommonTimerView.swift; sourceTree = "<group>"; };
		5498D8EB2F062DE800BAB26B /* Teacher'sKnockWidgetExtension.appex */ = {isa = PBXFileReference; explicitFileType = "wrapper.app-extension"; includeInIndex = 0; path = "Teacher'sKnockWidgetExtension.appex"; sourceTree = BUILT_PRODUCTS_DIR; };
		5498D8EC2F062DE800BAB26B /* WidgetKit.framework */ = {isa = PBXFileReference; lastKnownFileType = wrapper.framework; name = WidgetKit.framework; path = System/Library/Frameworks/WidgetKit.framework; sourceTree = SDKROOT; };
		5498D8EE2F062DE800BAB26B /* SwiftUI.framework */ = {isa = PBXFileReference; lastKnownFileType = wrapper.framework; name = SwiftUI.framework; path = System/Library/Frameworks/SwiftUI.framework; sourceTree = SDKROOT; };
		5498D90C2F06330900BAB26B /* WidgetDataHelper.swift */ = {isa = PBXFileReference; lastKnownFileType = sourcecode.swift; path = WidgetDataHelper.swift; sourceTree = "<group>"; };
		5498D9102F06371300BAB26B /* Teacher'sKnock-ios.entitlements */ = {isa = PBXFileReference; lastKnownFileType = text.plist.entitlements; path = "Teacher'sKnock-ios.entitlements"; sourceTree = "<group>"; };
		5498D9112F06374500BAB26B /* Teacher'sKnockWidgetExtension.entitlements */ = {isa = PBXFileReference; lastKnownFileType = text.plist.entitlements; path = "Teacher'sKnockWidgetExtension.entitlements"; sourceTree = "<group>"; };
		5498D9122F064FEF00BAB26B /* Assets.xcassets */ = {isa = PBXFileReference; lastKnownFileType = folder.assetcatalog; path = Assets.xcassets; sourceTree = "<group>"; };
		5498D9132F064FEF00BAB26B /* Info.plist */ = {isa = PBXFileReference; lastKnownFileType = text.plist.xml; path = Info.plist; sourceTree = "<group>"; };
		5498D9142F064FEF00BAB26B /* PrimaryGoalWidget.swift */ = {isa = PBXFileReference; lastKnownFileType = sourcecode.swift; path = PrimaryGoalWidget.swift; sourceTree = "<group>"; };
		5498D9152F064FEF00BAB26B /* PrimaryGoalWidgetEntryView.swift */ = {isa = PBXFileReference; lastKnownFileType = sourcecode.swift; path = PrimaryGoalWidgetEntryView.swift; sourceTree = "<group>"; };
		5498D9162F064FEF00BAB26B /* PrimaryGoalWidgetProvider.swift */ = {isa = PBXFileReference; lastKnownFileType = sourcecode.swift; path = PrimaryGoalWidgetProvider.swift; sourceTree = "<group>"; };
		5498D9172F064FEF00BAB26B /* TeachersKnockWidgetBundle.swift */ = {isa = PBXFileReference; lastKnownFileType = sourcecode.swift; path = TeachersKnockWidgetBundle.swift; sourceTree = "<group>"; };
		54A1D3642EDA82FF008BD532 /* Teacher'sKnock-ios.app */ = {isa = PBXFileReference; explicitFileType = wrapper.application; includeInIndex = 0; path = "Teacher'sKnock-ios.app"; sourceTree = BUILT_PRODUCTS_DIR; };
		54A40FE52F0A1B4500A0474F /* AddFriendView.swift */ = {isa = PBXFileReference; lastKnownFileType = sourcecode.swift; path = AddFriendView.swift; sourceTree = "<group>"; };
		54A40FE62F0A1B4500A0474F /* FriendListView.swift */ = {isa = PBXFileReference; lastKnownFileType = sourcecode.swift; path = FriendListView.swift; sourceTree = "<group>"; };
		54A40FE92F0A1B5E00A0474F /* FriendManager.swift */ = {isa = PBXFileReference; lastKnownFileType = sourcecode.swift; path = FriendManager.swift; sourceTree = "<group>"; };
		54A40FEB2F0A1B6600A0474F /* User.swift */ = {isa = PBXFileReference; lastKnownFileType = sourcecode.swift; path = User.swift; sourceTree = "<group>"; };
		54A40FED2F0A57A200A0474F /* ProfileImageView.swift */ = {isa = PBXFileReference; lastKnownFileType = sourcecode.swift; path = ProfileImageView.swift; sourceTree = "<group>"; };
		54A40FEF2F0A646300A0474F /* InvitationManager.swift */ = {isa = PBXFileReference; lastKnownFileType = sourcecode.swift; path = InvitationManager.swift; sourceTree = "<group>"; };
		54A40FF12F0A648200A0474F /* StudyInvitation.swift */ = {isa = PBXFileReference; lastKnownFileType = sourcecode.swift; path = StudyInvitation.swift; sourceTree = "<group>"; };
		54A40FF32F0A6C4E00A0474F /* FriendRequestManager.swift */ = {isa = PBXFileReference; lastKnownFileType = sourcecode.swift; path = FriendRequestManager.swift; sourceTree = "<group>"; };
		54A40FF52F0A6C5700A0474F /* FriendRequest.swift */ = {isa = PBXFileReference; lastKnownFileType = sourcecode.swift; path = FriendRequest.swift; sourceTree = "<group>"; };
		54A40FF72F0A99A400A0474F /* AudioLevelManager.swift */ = {isa = PBXFileReference; lastKnownFileType = sourcecode.swift; path = AudioLevelManager.swift; sourceTree = "<group>"; };
		54A999212F1A2CA400483BBD /* NanumSquareRoundB.ttf */ = {isa = PBXFileReference; lastKnownFileType = file; path = "Teacher'sKnock-ios/Resources/Fonts/NanumSquareRoundB.ttf"; sourceTree = "<group>"; };
		54A999222F1A2CA400483BBD /* NanumSquareRoundEB.ttf */ = {isa = PBXFileReference; lastKnownFileType = file; path = "Teacher'sKnock-ios/Resources/Fonts/NanumSquareRoundEB.ttf"; sourceTree = "<group>"; };
		54A999232F1A2CA400483BBD /* NanumSquareRoundR.ttf */ = {isa = PBXFileReference; lastKnownFileType = file; path = "Teacher'sKnock-ios/Resources/Fonts/NanumSquareRoundR.ttf"; sourceTree = "<group>"; };
		54BE67F22F07C37D00E6EC64 /* StudyGroup.swift */ = {isa = PBXFileReference; lastKnownFileType = sourcecode.swift; path = StudyGroup.swift; sourceTree = "<group>"; };
		54BE67F42F07C39000E6EC64 /* StudyGroupManager.swift */ = {isa = PBXFileReference; lastKnownFileType = sourcecode.swift; path = StudyGroupManager.swift; sourceTree = "<group>"; };
		54BE67F62F07C3B700E6EC64 /* MemberInviteView.swift */ = {isa = PBXFileReference; lastKnownFileType = sourcecode.swift; path = MemberInviteView.swift; sourceTree = "<group>"; };
		54BE67F72F07C3B700E6EC64 /* StudyGroupCreationView.swift */ = {isa = PBXFileReference; lastKnownFileType = sourcecode.swift; path = StudyGroupCreationView.swift; sourceTree = "<group>"; };
		54BE67F82F07C3B700E6EC64 /* StudyGroupDetailView.swift */ = {isa = PBXFileReference; lastKnownFileType = sourcecode.swift; path = StudyGroupDetailView.swift; sourceTree = "<group>"; };
		54BE67F92F07C3B700E6EC64 /* StudyGroupListView.swift */ = {isa = PBXFileReference; lastKnownFileType = sourcecode.swift; path = StudyGroupListView.swift; sourceTree = "<group>"; };
		54CB0AF82EE66A8800983074 /* HorizontalTimelineView.swift */ = {isa = PBXFileReference; lastKnownFileType = sourcecode.swift; path = HorizontalTimelineView.swift; sourceTree = "<group>"; };
		54CB0AFA2EE66E8D00983074 /* DailySwipeView.swift */ = {isa = PBXFileReference; lastKnownFileType = sourcecode.swift; path = DailySwipeView.swift; sourceTree = "<group>"; };
		54CDE1572EFE3B8200A2D8CA /* CustomCalendarView.swift */ = {isa = PBXFileReference; lastKnownFileType = sourcecode.swift; path = CustomCalendarView.swift; sourceTree = "<group>"; };
		54DBCD152F010AB200B43C2B /* DailyNote.swift */ = {isa = PBXFileReference; lastKnownFileType = sourcecode.swift; path = DailyNote.swift; sourceTree = "<group>"; };
		54DBCD192F011C2100B43C2B /* StudyTimerView.swift */ = {isa = PBXFileReference; lastKnownFileType = sourcecode.swift; path = StudyTimerView.swift; sourceTree = "<group>"; };
		54E3CD802F0ECF090006A183 /* GroupSchedule.swift */ = {isa = PBXFileReference; lastKnownFileType = sourcecode.swift; path = GroupSchedule.swift; sourceTree = "<group>"; };
		54E3CD822F0ECF180006A183 /* GroupScheduleManager.swift */ = {isa = PBXFileReference; lastKnownFileType = sourcecode.swift; path = GroupScheduleManager.swift; sourceTree = "<group>"; };
		54E3CD842F0ECF3C0006A183 /* AddGroupScheduleView.swift */ = {isa = PBXFileReference; lastKnownFileType = sourcecode.swift; path = AddGroupScheduleView.swift; sourceTree = "<group>"; };
		54E3CD852F0ECF3C0006A183 /* GlobalScheduleView.swift */ = {isa = PBXFileReference; lastKnownFileType = sourcecode.swift; path = GlobalScheduleView.swift; sourceTree = "<group>"; };
		54E3CD862F0ECF3C0006A183 /* GroupScheduleView.swift */ = {isa = PBXFileReference; lastKnownFileType = sourcecode.swift; path = GroupScheduleView.swift; sourceTree = "<group>"; };
		54E3CD8B2F0ED39C0006A183 /* EditGroupScheduleView.swift */ = {isa = PBXFileReference; lastKnownFileType = sourcecode.swift; path = EditGroupScheduleView.swift; sourceTree = "<group>"; };
		54E5ED892F00E886003031AC /* Schedule.swift */ = {isa = PBXFileReference; lastKnownFileType = sourcecode.swift; path = Schedule.swift; sourceTree = "<group>"; };
		54F81CD12EE1AC8E002226B4 /* DailyDetailViewModel.swift */ = {isa = PBXFileReference; lastKnownFileType = sourcecode.swift; path = DailyDetailViewModel.swift; sourceTree = "<group>"; };
		54F81CD32EE1B06C002226B4 /* DailyTimelineViewModel.swift */ = {isa = PBXFileReference; lastKnownFileType = sourcecode.swift; path = DailyTimelineViewModel.swift; sourceTree = "<group>"; };
		54F81CD52EE1B383002226B4 /* AddScheduleViewModel.swift */ = {isa = PBXFileReference; lastKnownFileType = sourcecode.swift; path = AddScheduleViewModel.swift; sourceTree = "<group>"; };
		54F81CD72EE1CBBB002226B4 /* SchedulePreviewView.swift */ = {isa = PBXFileReference; lastKnownFileType = sourcecode.swift; path = SchedulePreviewView.swift; sourceTree = "<group>"; };
		54F81CD92EE1D13B002226B4 /* ReportListView.swift */ = {isa = PBXFileReference; lastKnownFileType = sourcecode.swift; path = ReportListView.swift; sourceTree = "<group>"; };
		54F81CDB2EE1D47B002226B4 /* WeeklyReportDetailView.swift */ = {isa = PBXFileReference; lastKnownFileType = sourcecode.swift; path = WeeklyReportDetailView.swift; sourceTree = "<group>"; };
		54F81CDD2EE1D5C7002226B4 /* MonthlyReportDetailView.swift */ = {isa = PBXFileReference; lastKnownFileType = sourcecode.swift; path = MonthlyReportDetailView.swift; sourceTree = "<group>"; };
/* End PBXFileReference section */

/* Begin PBXFrameworksBuildPhase section */
		5498D8E82F062DE800BAB26B /* Frameworks */ = {
			isa = PBXFrameworksBuildPhase;
			buildActionMask = 2147483647;
			files = (
				5498D8EF2F062DE800BAB26B /* SwiftUI.framework in Frameworks */,
				5498D8ED2F062DE800BAB26B /* WidgetKit.framework in Frameworks */,
			);
			runOnlyForDeploymentPostprocessing = 0;
		};
		54A1D3612EDA82FF008BD532 /* Frameworks */ = {
			isa = PBXFrameworksBuildPhase;
			buildActionMask = 2147483647;
			files = (
				54195E1D2F139CE9009F01D4 /* RevenueCat in Frameworks */,
				540ED2D62EDA9E9400CCC7A9 /* FirebaseAnalytics in Frameworks */,
				540ED2D82EDA9E9400CCC7A9 /* FirebaseAuth in Frameworks */,
				54195E1F2F139CE9009F01D4 /* RevenueCatUI in Frameworks */,
				543440922EDB139300E736A0 /* FirebaseFirestore in Frameworks */,
			);
			runOnlyForDeploymentPostprocessing = 0;
		};
/* End PBXFrameworksBuildPhase section */

/* Begin PBXGroup section */
		543440902EDB139300E736A0 /* Frameworks */ = {
			isa = PBXGroup;
			children = (
				5498D8EC2F062DE800BAB26B /* WidgetKit.framework */,
				5498D8EE2F062DE800BAB26B /* SwiftUI.framework */,
			);
			name = Frameworks;
			sourceTree = "<group>";
		};
		5459AE502EE19D31008EE0E4 /* Teacher'sKnock-ios */ = {
			isa = PBXGroup;
			children = (
				5498D9102F06371300BAB26B /* Teacher'sKnock-ios.entitlements */,
				5459AE552EE19EAB008EE0E4 /* Features */,
				5459AE542EE19E76008EE0E4 /* Service */,
				5459AE532EE19E41008EE0E4 /* Model */,
				5459AE522EE19DFC008EE0E4 /* Core */,
				5459AE512EE19D5C008EE0E4 /* App */,
			);
			path = "Teacher'sKnock-ios";
			sourceTree = "<group>";
		};
		5459AE512EE19D5C008EE0E4 /* App */ = {
			isa = PBXGroup;
			children = (
				5459AE2B2EE19535008EE0E4 /* TeachersKnock_iosApp.swift */,
				5459AE1C2EE19535008EE0E4 /* MainTabView.swift */,
				5459AE1F2EE19535008EE0E4 /* RootView.swift */,
				5459AE242EE19535008EE0E4 /* SplashView.swift */,
				5459AE192EE19535008EE0E4 /* GoogleService-Info.plist */,
				5459AE0F2EE19535008EE0E4 /* Assets.xcassets */,
			);
			path = App;
			sourceTree = "<group>";
		};
		5459AE522EE19DFC008EE0E4 /* Core */ = {
			isa = PBXGroup;
			children = (
				5459AE292EE19535008EE0E4 /* SubjectName.swift */,
				5459AE262EE19535008EE0E4 /* StudyPurpose.swift */,
				5459AE112EE19535008EE0E4 /* CharacterLevel.swift */,
				5432C7572EE3FCBF005B4221 /* NoticeData.swift */,
				5432C75D2EE3FF69005B4221 /* SafariView.swift */,
			);
			path = Core;
			sourceTree = "<group>";
		};
		5459AE532EE19E41008EE0E4 /* Model */ = {
			isa = PBXGroup;
			children = (
				545077642F0FD084005D3CA6 /* DailyMemo.swift */,
				54E3CD802F0ECF090006A183 /* GroupSchedule.swift */,
				548AFA9D2F0BAE23003EA411 /* Cheer.swift */,
				54A40FF52F0A6C5700A0474F /* FriendRequest.swift */,
				54A40FF12F0A648200A0474F /* StudyInvitation.swift */,
				54A40FEB2F0A1B6600A0474F /* User.swift */,
				54BE67F22F07C37D00E6EC64 /* StudyGroup.swift */,
				5459AE202EE19535008EE0E4 /* ScheduleItem.swift */,
				5459AE272EE19535008EE0E4 /* StudyRecord.swift */,
				5459AE172EE19535008EE0E4 /* Goal.swift */,
				54749F4A2F02CC2E00EC69CF /* GoalColorHelper.swift */,
				546F5CD22EE331BF009105C7 /* StudySubject.swift */,
			);
			path = Model;
			sourceTree = "<group>";
		};
		5459AE542EE19E76008EE0E4 /* Service */ = {
			isa = PBXGroup;
			children = (
				54195E202F139D05009F01D4 /* PurchaseManager.swift */,
				54E3CD822F0ECF180006A183 /* GroupScheduleManager.swift */,
				548AFA962F0BADC7003EA411 /* AlertManager.swift */,
				54A40FF72F0A99A400A0474F /* AudioLevelManager.swift */,
				54A40FF32F0A6C4E00A0474F /* FriendRequestManager.swift */,
				54A40FEF2F0A646300A0474F /* InvitationManager.swift */,
				54A40FE92F0A1B5E00A0474F /* FriendManager.swift */,
				5435A2192F0807E3002A37D4 /* CharacterManager.swift */,
				54BE67F42F07C39000E6EC64 /* StudyGroupManager.swift */,
				5498D90C2F06330900BAB26B /* WidgetDataHelper.swift */,
				5459AE102EE19535008EE0E4 /* AuthManager.swift */,
				5459AE212EE19535008EE0E4 /* SettingsManager.swift */,
				5459AE162EE19535008EE0E4 /* FirestoreSyncManager.swift */,
				5459AE1E2EE19535008EE0E4 /* QuoteManager.swift */,
				54589FA32F015F8200B20684 /* StudyNavigationManager.swift */,
				547DC4DE2F027FD5000EEE3B /* SubjectColorManager.swift */,
			);
			path = Service;
			sourceTree = "<group>";
		};
		5459AE552EE19EAB008EE0E4 /* Features */ = {
			isa = PBXGroup;
			children = (
				54BE67FA2F07C3B700E6EC64 /* StudyGroup */,
				5459AE5A2EE1A059008EE0E4 /* Settings */,
				5459AE592EE19F53008EE0E4 /* Auth */,
				5459AE582EE19F2B008EE0E4 /* Home */,
				5459AE572EE19F01008EE0E4 /* Timer */,
				5459AE562EE19EBF008EE0E4 /* Planner */,
			);
			path = Features;
			sourceTree = "<group>";
		};
		5459AE562EE19EBF008EE0E4 /* Planner */ = {
			isa = PBXGroup;
			children = (
				54CB0AFA2EE66E8D00983074 /* DailySwipeView.swift */,
				54CB0AF82EE66A8800983074 /* HorizontalTimelineView.swift */,
				544E3A072EE5E95B00551E30 /* DDayWidget.swift */,
				544E3A052EE5E84900551E30 /* TimeTableFullScreenView.swift */,
				544E3A032EE5E6F800551E30 /* TimeTableView.swift */,
				5459AE1D2EE19535008EE0E4 /* PlannerView.swift */,
				5459AE5B2EE1A10E008EE0E4 /* PlannerViewModel.swift */,
				5459AE132EE19535008EE0E4 /* DailyDetailView.swift */,
				54F81CD12EE1AC8E002226B4 /* DailyDetailViewModel.swift */,
				5459AE142EE19535008EE0E4 /* DailyTimelineView.swift */,
				54F81CD32EE1B06C002226B4 /* DailyTimelineViewModel.swift */,
				5459AE0E2EE19535008EE0E4 /* AddScheduleView.swift */,
				54F81CD52EE1B383002226B4 /* AddScheduleViewModel.swift */,
				5459AE152EE19535008EE0E4 /* EditScheduleView.swift */,
				54E5ED892F00E886003031AC /* Schedule.swift */,
				546B334D2F004E9900741EE2 /* ScheduleManager.swift */,
				54F81CD72EE1CBBB002226B4 /* SchedulePreviewView.swift */,
				54CDE1572EFE3B8200A2D8CA /* CustomCalendarView.swift */,
				54DBCD152F010AB200B43C2B /* DailyNote.swift */,
			);
			path = Planner;
			sourceTree = "<group>";
		};
		5459AE572EE19F01008EE0E4 /* Timer */ = {
			isa = PBXGroup;
			children = (
				5405212C2F06710C001B48A7 /* StudyTimerAttributes.swift */,
				54DBCD192F011C2100B43C2B /* StudyTimerView.swift */,
				5459AE2C2EE19535008EE0E4 /* TimerView.swift */,
				5459AE5D2EE1A1F4008EE0E4 /* TimerViewModel.swift */,
				5459AE252EE19535008EE0E4 /* StatisticsView.swift */,
				5459AE282EE19535008EE0E4 /* SubjectDetailView.swift */,
			);
			path = Timer;
			sourceTree = "<group>";
		};
		5459AE582EE19F2B008EE0E4 /* Home */ = {
			isa = PBXGroup;
			children = (
				5472310F2F1652AA00EAB162 /* AIAnalysisView.swift */,
				547231102F1652AA00EAB162 /* RadarChartView.swift */,
				5435A21D2F081310002A37D4 /* CharacterShopView.swift */,
				5435A21B2F081188002A37D4 /* StartingCharacterSelectionView.swift */,
				5435A2152F0807C3002A37D4 /* CharacterStorageView.swift */,
				5435A2162F0807C3002A37D4 /* MainCharacterView.swift */,
				5459AE182EE19535008EE0E4 /* GoalListView.swift */,
				5459AE5F2EE1A2BF008EE0E4 /* GoalViewModel.swift */,
				546B334B2F004ABB00741EE2 /* GoalManager.swift */,
				5459AE0D2EE19535008EE0E4 /* AddGoalView.swift */,
				5459AE122EE19535008EE0E4 /* CharacterView.swift */,
				54F81CD92EE1D13B002226B4 /* ReportListView.swift */,
				54F81CDB2EE1D47B002226B4 /* WeeklyReportDetailView.swift */,
				54F81CDD2EE1D5C7002226B4 /* MonthlyReportDetailView.swift */,
				5432C7592EE3FCF7005B4221 /* NoticeSettingsView.swift */,
				5432C75B2EE3FE24005B4221 /* NoticeListView.swift */,
			);
			path = Home;
			sourceTree = "<group>";
		};
		5459AE592EE19F53008EE0E4 /* Auth */ = {
			isa = PBXGroup;
			children = (
				5459AE1B2EE19535008EE0E4 /* LoginView.swift */,
				5459AE232EE19535008EE0E4 /* SignUpView.swift */,
			);
			path = Auth;
			sourceTree = "<group>";
		};
		5459AE5A2EE1A059008EE0E4 /* Settings */ = {
			isa = PBXGroup;
			children = (
				5459AE222EE19535008EE0E4 /* SettingsView.swift */,
				5459AE2A2EE19535008EE0E4 /* SubjectSelectView.swift */,
				546F5CD02EE3290C009105C7 /* SubjectManagementView.swift */,
			);
			path = Settings;
			sourceTree = "<group>";
		};
		5498D9182F064FEF00BAB26B /* Teacher'sKnockWidget */ = {
			isa = PBXGroup;
			children = (
				5498D9122F064FEF00BAB26B /* Assets.xcassets */,
				5498D9132F064FEF00BAB26B /* Info.plist */,
				540521282F0670D6001B48A7 /* StudyTimerAttributes.swift */,
				540521292F0670D6001B48A7 /* StudyTimerWidget.swift */,
				5498D9142F064FEF00BAB26B /* PrimaryGoalWidget.swift */,
				5498D9152F064FEF00BAB26B /* PrimaryGoalWidgetEntryView.swift */,
				5498D9162F064FEF00BAB26B /* PrimaryGoalWidgetProvider.swift */,
				5498D9172F064FEF00BAB26B /* TeachersKnockWidgetBundle.swift */,
			);
			path = "Teacher'sKnockWidget";
			sourceTree = "<group>";
		};
		54A1D35B2EDA82FF008BD532 = {
			isa = PBXGroup;
			children = (
				5498D9182F064FEF00BAB26B /* Teacher'sKnockWidget */,
				5498D9112F06374500BAB26B /* Teacher'sKnockWidgetExtension.entitlements */,
				5459AE502EE19D31008EE0E4 /* Teacher'sKnock-ios */,
				543440902EDB139300E736A0 /* Frameworks */,
				54A1D3652EDA82FF008BD532 /* Products */,
				54A999212F1A2CA400483BBD /* NanumSquareRoundB.ttf */,
				54A999222F1A2CA400483BBD /* NanumSquareRoundEB.ttf */,
				54A999232F1A2CA400483BBD /* NanumSquareRoundR.ttf */,
			);
			sourceTree = "<group>";
		};
		54A1D3652EDA82FF008BD532 /* Products */ = {
			isa = PBXGroup;
			children = (
				54A1D3642EDA82FF008BD532 /* Teacher'sKnock-ios.app */,
				5498D8EB2F062DE800BAB26B /* Teacher'sKnockWidgetExtension.appex */,
			);
			name = Products;
			sourceTree = "<group>";
		};
		54BE67FA2F07C3B700E6EC64 /* StudyGroup */ = {
			isa = PBXGroup;
			children = (
				54E3CD872F0ECF3C0006A183 /* Schedule */,
				548AFAA52F0BD6F6003EA411 /* CommonTimerSetupView.swift */,
				548AFAA62F0BD6F6003EA411 /* CommonTimerView.swift */,
				548AFAA32F0BCAC8003EA411 /* PairingSheet.swift */,
				548AFAA12F0BBB8D003EA411 /* StudyGroupListView_Preview.swift */,
				548AFA9F2F0BBB73003EA411 /* NoticeSheet.swift */,
				54A40FED2F0A57A200A0474F /* ProfileImageView.swift */,
				54A40FE52F0A1B4500A0474F /* AddFriendView.swift */,
				54A40FE62F0A1B4500A0474F /* FriendListView.swift */,
				54BE67F62F07C3B700E6EC64 /* MemberInviteView.swift */,
				54BE67F72F07C3B700E6EC64 /* StudyGroupCreationView.swift */,
				54BE67F82F07C3B700E6EC64 /* StudyGroupDetailView.swift */,
				54BE67F92F07C3B700E6EC64 /* StudyGroupListView.swift */,
				548AFA982F0BADFA003EA411 /* CheerBoardView.swift */,
				548AFA992F0BADFA003EA411 /* ParticipationView.swift */,
			);
			path = StudyGroup;
			sourceTree = "<group>";
		};
		54E3CD872F0ECF3C0006A183 /* Schedule */ = {
			isa = PBXGroup;
			children = (
				54E3CD8B2F0ED39C0006A183 /* EditGroupScheduleView.swift */,
				54E3CD842F0ECF3C0006A183 /* AddGroupScheduleView.swift */,
				54E3CD852F0ECF3C0006A183 /* GlobalScheduleView.swift */,
				54E3CD862F0ECF3C0006A183 /* GroupScheduleView.swift */,
			);
			path = Schedule;
			sourceTree = "<group>";
		};
/* End PBXGroup section */

/* Begin PBXNativeTarget section */
		5498D8EA2F062DE800BAB26B /* Teacher'sKnockWidgetExtension */ = {
			isa = PBXNativeTarget;
			buildConfigurationList = 5498D9032F062DE900BAB26B /* Build configuration list for PBXNativeTarget "Teacher'sKnockWidgetExtension" */;
			buildPhases = (
				5498D8E72F062DE800BAB26B /* Sources */,
				5498D8E82F062DE800BAB26B /* Frameworks */,
				5498D8E92F062DE800BAB26B /* Resources */,
			);
			buildRules = (
			);
			dependencies = (
			);
			name = "Teacher'sKnockWidgetExtension";
			packageProductDependencies = (
			);
			productName = "Teacher'sKnockWidgetExtension";
			productReference = 5498D8EB2F062DE800BAB26B /* Teacher'sKnockWidgetExtension.appex */;
			productType = "com.apple.product-type.app-extension";
		};
		54A1D3632EDA82FF008BD532 /* Teacher'sKnock-ios */ = {
			isa = PBXNativeTarget;
			buildConfigurationList = 54A1D3712EDA8300008BD532 /* Build configuration list for PBXNativeTarget "Teacher'sKnock-ios" */;
			buildPhases = (
				54A1D3602EDA82FF008BD532 /* Sources */,
				54A1D3612EDA82FF008BD532 /* Frameworks */,
				54A1D3622EDA82FF008BD532 /* Resources */,
				5498D8FF2F062DE900BAB26B /* Embed Foundation Extensions */,
			);
			buildRules = (
			);
			dependencies = (
				5498D8FD2F062DE900BAB26B /* PBXTargetDependency */,
			);
			name = "Teacher'sKnock-ios";
			packageProductDependencies = (
				540ED2D52EDA9E9400CCC7A9 /* FirebaseAnalytics */,
				540ED2D72EDA9E9400CCC7A9 /* FirebaseAuth */,
				543440912EDB139300E736A0 /* FirebaseFirestore */,
				54195E1C2F139CE9009F01D4 /* RevenueCat */,
				54195E1E2F139CE9009F01D4 /* RevenueCatUI */,
			);
			productName = "Teacher'sKnock-ios";
			productReference = 54A1D3642EDA82FF008BD532 /* Teacher'sKnock-ios.app */;
			productType = "com.apple.product-type.application";
		};
/* End PBXNativeTarget section */

/* Begin PBXProject section */
		54A1D35C2EDA82FF008BD532 /* Project object */ = {
			isa = PBXProject;
			attributes = {
				BuildIndependentTargetsInParallel = 1;
				LastSwiftUpdateCheck = 2620;
				LastUpgradeCheck = 2610;
				TargetAttributes = {
					5498D8EA2F062DE800BAB26B = {
						CreatedOnToolsVersion = 26.2;
					};
					54A1D3632EDA82FF008BD532 = {
						CreatedOnToolsVersion = 26.1.1;
					};
				};
			};
			buildConfigurationList = 54A1D35F2EDA82FF008BD532 /* Build configuration list for PBXProject "Teacher'sKnock-ios" */;
			developmentRegion = en;
			hasScannedForEncodings = 0;
			knownRegions = (
				en,
				Base,
			);
			mainGroup = 54A1D35B2EDA82FF008BD532;
			minimizedProjectReferenceProxies = 1;
			packageReferences = (
				540ED2D42EDA9E9400CCC7A9 /* XCRemoteSwiftPackageReference "firebase-ios-sdk" */,
				54195E1B2F139CE9009F01D4 /* XCRemoteSwiftPackageReference "purchases-ios-spm" */,
			);
			preferredProjectObjectVersion = 77;
			productRefGroup = 54A1D3652EDA82FF008BD532 /* Products */;
			projectDirPath = "";
			projectRoot = "";
			targets = (
				54A1D3632EDA82FF008BD532 /* Teacher'sKnock-ios */,
				5498D8EA2F062DE800BAB26B /* Teacher'sKnockWidgetExtension */,
			);
		};
/* End PBXProject section */

/* Begin PBXResourcesBuildPhase section */
		5498D8E92F062DE800BAB26B /* Resources */ = {
			isa = PBXResourcesBuildPhase;
			buildActionMask = 2147483647;
			files = (
				5498D91A2F064FEF00BAB26B /* Assets.xcassets in Resources */,
			);
			runOnlyForDeploymentPostprocessing = 0;
		};
		54A1D3622EDA82FF008BD532 /* Resources */ = {
			isa = PBXResourcesBuildPhase;
			buildActionMask = 2147483647;
			files = (
				5459AE4B2EE19535008EE0E4 /* Assets.xcassets in Resources */,
				5459AE4C2EE19535008EE0E4 /* GoogleService-Info.plist in Resources */,
				54A999242F1A2CA400483BBD /* NanumSquareRoundR.ttf in Resources */,
				54A999252F1A2CA400483BBD /* NanumSquareRoundB.ttf in Resources */,
				54A999262F1A2CA400483BBD /* NanumSquareRoundEB.ttf in Resources */,
			);
			runOnlyForDeploymentPostprocessing = 0;
		};
/* End PBXResourcesBuildPhase section */

/* Begin PBXSourcesBuildPhase section */
		5498D8E72F062DE800BAB26B /* Sources */ = {
			isa = PBXSourcesBuildPhase;
			buildActionMask = 2147483647;
			files = (
				5498D90F2F0634D000BAB26B /* CharacterLevel.swift in Sources */,
				5498D90E2F0634B000BAB26B /* GoalColorHelper.swift in Sources */,
				5405212A2F0670D6001B48A7 /* StudyTimerAttributes.swift in Sources */,
				5405212B2F0670D6001B48A7 /* StudyTimerWidget.swift in Sources */,
				5498D91B2F064FEF00BAB26B /* PrimaryGoalWidgetEntryView.swift in Sources */,
				5498D91C2F064FEF00BAB26B /* PrimaryGoalWidget.swift in Sources */,
				5498D91D2F064FEF00BAB26B /* TeachersKnockWidgetBundle.swift in Sources */,
				5498D91E2F064FEF00BAB26B /* PrimaryGoalWidgetProvider.swift in Sources */,
			);
			runOnlyForDeploymentPostprocessing = 0;
		};
		54A1D3602EDA82FF008BD532 /* Sources */ = {
			isa = PBXSourcesBuildPhase;
			buildActionMask = 2147483647;
			files = (
				5459AE2D2EE19535008EE0E4 /* AddGoalView.swift in Sources */,
				548AFAA42F0BCAC8003EA411 /* PairingSheet.swift in Sources */,
				5459AE2E2EE19535008EE0E4 /* AddScheduleView.swift in Sources */,
				546B334C2F004ABB00741EE2 /* GoalManager.swift in Sources */,
				5459AE2F2EE19535008EE0E4 /* AuthManager.swift in Sources */,
				547DC4DF2F027FD5000EEE3B /* SubjectColorManager.swift in Sources */,
				547231112F1652AA00EAB162 /* RadarChartView.swift in Sources */,
				547231122F1652AA00EAB162 /* AIAnalysisView.swift in Sources */,
				5459AE302EE19535008EE0E4 /* CharacterLevel.swift in Sources */,
				5459AE312EE19535008EE0E4 /* CharacterView.swift in Sources */,
				54DBCD162F010AB200B43C2B /* DailyNote.swift in Sources */,
				5459AE322EE19535008EE0E4 /* DailyDetailView.swift in Sources */,
				54749F4B2F02CC2E00EC69CF /* GoalColorHelper.swift in Sources */,
				5459AE332EE19535008EE0E4 /* DailyTimelineView.swift in Sources */,
				548AFAA02F0BBB73003EA411 /* NoticeSheet.swift in Sources */,
				5459AE342EE19535008EE0E4 /* EditScheduleView.swift in Sources */,
				548AFAA72F0BD6F6003EA411 /* CommonTimerSetupView.swift in Sources */,
				548AFAA82F0BD6F6003EA411 /* CommonTimerView.swift in Sources */,
				54A40FF22F0A648200A0474F /* StudyInvitation.swift in Sources */,
				548AFA9B2F0BADFA003EA411 /* ParticipationView.swift in Sources */,
				548AFA9C2F0BADFA003EA411 /* CheerBoardView.swift in Sources */,
				5459AE352EE19535008EE0E4 /* FirestoreSyncManager.swift in Sources */,
				5459AE362EE19535008EE0E4 /* Goal.swift in Sources */,
				5459AE372EE19535008EE0E4 /* GoalListView.swift in Sources */,
				54E5ED8A2F00E886003031AC /* Schedule.swift in Sources */,
				5459AE392EE19535008EE0E4 /* LoginView.swift in Sources */,
				5459AE3A2EE19535008EE0E4 /* MainTabView.swift in Sources */,
				5459AE3B2EE19535008EE0E4 /* PlannerView.swift in Sources */,
				54589FA42F015F8200B20684 /* StudyNavigationManager.swift in Sources */,
				5435A21E2F081310002A37D4 /* CharacterShopView.swift in Sources */,
				54195E212F139D05009F01D4 /* PurchaseManager.swift in Sources */,
				5459AE3C2EE19535008EE0E4 /* QuoteManager.swift in Sources */,
				546B334E2F004E9900741EE2 /* ScheduleManager.swift in Sources */,
				5459AE3D2EE19535008EE0E4 /* RootView.swift in Sources */,
				54BE67F32F07C37D00E6EC64 /* StudyGroup.swift in Sources */,
				5459AE3E2EE19535008EE0E4 /* ScheduleItem.swift in Sources */,
				54CB0AFB2EE66E8D00983074 /* DailySwipeView.swift in Sources */,
				546F5CD32EE331BF009105C7 /* StudySubject.swift in Sources */,
				5459AE5C2EE1A10E008EE0E4 /* PlannerViewModel.swift in Sources */,
				54CDE1582EFE3B8200A2D8CA /* CustomCalendarView.swift in Sources */,
				5432C75E2EE3FF69005B4221 /* SafariView.swift in Sources */,
				54E3CD882F0ECF3C0006A183 /* GroupScheduleView.swift in Sources */,
				54E3CD892F0ECF3C0006A183 /* GlobalScheduleView.swift in Sources */,
				54E3CD8A2F0ECF3C0006A183 /* AddGroupScheduleView.swift in Sources */,
				54A40FF62F0A6C5700A0474F /* FriendRequest.swift in Sources */,
				54F81CD82EE1CBBB002226B4 /* SchedulePreviewView.swift in Sources */,
				54F81CD62EE1B383002226B4 /* AddScheduleViewModel.swift in Sources */,
				5459AE3F2EE19535008EE0E4 /* SettingsManager.swift in Sources */,
				5435A2172F0807C3002A37D4 /* MainCharacterView.swift in Sources */,
				5435A2182F0807C3002A37D4 /* CharacterStorageView.swift in Sources */,
				54CB0AF92EE66A8800983074 /* HorizontalTimelineView.swift in Sources */,
				548AFAA22F0BBB8D003EA411 /* StudyGroupListView_Preview.swift in Sources */,
				54E3CD832F0ECF180006A183 /* GroupScheduleManager.swift in Sources */,
				5459AE402EE19535008EE0E4 /* SettingsView.swift in Sources */,
				5459AE412EE19535008EE0E4 /* SignUpView.swift in Sources */,
				5459AE422EE19535008EE0E4 /* SplashView.swift in Sources */,
				5459AE432EE19535008EE0E4 /* StatisticsView.swift in Sources */,
				54F81CDE2EE1D5C7002226B4 /* MonthlyReportDetailView.swift in Sources */,
				5459AE442EE19535008EE0E4 /* StudyPurpose.swift in Sources */,
				54A40FF82F0A99A400A0474F /* AudioLevelManager.swift in Sources */,
				5459AE452EE19535008EE0E4 /* StudyRecord.swift in Sources */,
				54A40FE72F0A1B4500A0474F /* AddFriendView.swift in Sources */,
				545077652F0FD084005D3CA6 /* DailyMemo.swift in Sources */,
				54A40FE82F0A1B4500A0474F /* FriendListView.swift in Sources */,
				544E3A042EE5E6F800551E30 /* TimeTableView.swift in Sources */,
				5459AE462EE19535008EE0E4 /* SubjectDetailView.swift in Sources */,
				548AFA9E2F0BAE23003EA411 /* Cheer.swift in Sources */,
				54A40FF42F0A6C4E00A0474F /* FriendRequestManager.swift in Sources */,
				5435A21A2F0807E3002A37D4 /* CharacterManager.swift in Sources */,
				5459AE472EE19535008EE0E4 /* SubjectName.swift in Sources */,
				544E3A082EE5E95B00551E30 /* DDayWidget.swift in Sources */,
				5459AE482EE19535008EE0E4 /* SubjectSelectView.swift in Sources */,
				54E3CD812F0ECF090006A183 /* GroupSchedule.swift in Sources */,
				5459AE492EE19535008EE0E4 /* TeachersKnock_iosApp.swift in Sources */,
				548AFA972F0BADC7003EA411 /* AlertManager.swift in Sources */,
				5432C7582EE3FCBF005B4221 /* NoticeData.swift in Sources */,
				5459AE602EE1A2BF008EE0E4 /* GoalViewModel.swift in Sources */,
				54A40FEA2F0A1B5E00A0474F /* FriendManager.swift in Sources */,
				54A40FEC2F0A1B6600A0474F /* User.swift in Sources */,
				54F81CDC2EE1D47B002226B4 /* WeeklyReportDetailView.swift in Sources */,
				54BE67F52F07C39000E6EC64 /* StudyGroupManager.swift in Sources */,
				5432C75C2EE3FE24005B4221 /* NoticeListView.swift in Sources */,
				5432C75A2EE3FCF7005B4221 /* NoticeSettingsView.swift in Sources */,
				5498D90D2F06330900BAB26B /* WidgetDataHelper.swift in Sources */,
				5405212D2F06710C001B48A7 /* StudyTimerAttributes.swift in Sources */,
				54F81CD22EE1AC8E002226B4 /* DailyDetailViewModel.swift in Sources */,
				5435A21C2F081188002A37D4 /* StartingCharacterSelectionView.swift in Sources */,
				5459AE5E2EE1A1F4008EE0E4 /* TimerViewModel.swift in Sources */,
				54BE67FB2F07C3B700E6EC64 /* StudyGroupCreationView.swift in Sources */,
				54BE67FC2F07C3B700E6EC64 /* MemberInviteView.swift in Sources */,
				54BE67FD2F07C3B700E6EC64 /* StudyGroupListView.swift in Sources */,
				54E3CD8C2F0ED39C0006A183 /* EditGroupScheduleView.swift in Sources */,
				54BE67FE2F07C3B700E6EC64 /* StudyGroupDetailView.swift in Sources */,
				544E3A062EE5E84900551E30 /* TimeTableFullScreenView.swift in Sources */,
				54A40FEE2F0A57A200A0474F /* ProfileImageView.swift in Sources */,
				54F81CDA2EE1D13B002226B4 /* ReportListView.swift in Sources */,
				54DBCD1A2F011C2100B43C2B /* StudyTimerView.swift in Sources */,
				5459AE4A2EE19535008EE0E4 /* TimerView.swift in Sources */,
				546F5CD12EE3290C009105C7 /* SubjectManagementView.swift in Sources */,
				54A40FF02F0A646300A0474F /* InvitationManager.swift in Sources */,
				54F81CD42EE1B06C002226B4 /* DailyTimelineViewModel.swift in Sources */,
			);
			runOnlyForDeploymentPostprocessing = 0;
		};
/* End PBXSourcesBuildPhase section */

/* Begin PBXTargetDependency section */
		5498D8FD2F062DE900BAB26B /* PBXTargetDependency */ = {
			isa = PBXTargetDependency;
			target = 5498D8EA2F062DE800BAB26B /* Teacher'sKnockWidgetExtension */;
			targetProxy = 5498D8FC2F062DE900BAB26B /* PBXContainerItemProxy */;
		};
/* End PBXTargetDependency section */

/* Begin XCBuildConfiguration section */
		5498D9002F062DE900BAB26B /* Debug */ = {
			isa = XCBuildConfiguration;
			buildSettings = {
				ASSETCATALOG_COMPILER_GLOBAL_ACCENT_COLOR_NAME = AccentColor;
				ASSETCATALOG_COMPILER_WIDGET_BACKGROUND_COLOR_NAME = WidgetBackground;
				CODE_SIGN_ENTITLEMENTS = "Teacher'sKnockWidgetExtension.entitlements";
				CODE_SIGN_STYLE = Automatic;
				CURRENT_PROJECT_VERSION = 2;
				DEVELOPMENT_TEAM = M576JMA5A7;
				GENERATE_INFOPLIST_FILE = YES;
				INFOPLIST_FILE = "Teacher'sKnockWidget/Info.plist";
				INFOPLIST_KEY_CFBundleDisplayName = "Teacher'sKnockWidget";
				INFOPLIST_KEY_NSHumanReadableCopyright = "";
				IPHONEOS_DEPLOYMENT_TARGET = 26.0;
				LD_RUNPATH_SEARCH_PATHS = (
					"$(inherited)",
					"@executable_path/Frameworks",
					"@executable_path/../../Frameworks",
				);
				MARKETING_VERSION = 1.0;
				PRODUCT_BUNDLE_IDENTIFIER = "com.seoktaedev.TeachersKnock-ios.Teacher-sKnockWidget";
				PRODUCT_NAME = "$(TARGET_NAME)";
				SKIP_INSTALL = YES;
				STRING_CATALOG_GENERATE_SYMBOLS = YES;
				SWIFT_APPROACHABLE_CONCURRENCY = YES;
				SWIFT_EMIT_LOC_STRINGS = YES;
				SWIFT_UPCOMING_FEATURE_MEMBER_IMPORT_VISIBILITY = YES;
				SWIFT_VERSION = 5.0;
				TARGETED_DEVICE_FAMILY = "1,2";
			};
			name = Debug;
		};
		5498D9012F062DE900BAB26B /* Release */ = {
			isa = XCBuildConfiguration;
			buildSettings = {
				ASSETCATALOG_COMPILER_GLOBAL_ACCENT_COLOR_NAME = AccentColor;
				ASSETCATALOG_COMPILER_WIDGET_BACKGROUND_COLOR_NAME = WidgetBackground;
				CODE_SIGN_ENTITLEMENTS = "Teacher'sKnockWidgetExtension.entitlements";
				CODE_SIGN_STYLE = Automatic;
				CURRENT_PROJECT_VERSION = 2;
				DEVELOPMENT_TEAM = M576JMA5A7;
				GENERATE_INFOPLIST_FILE = YES;
				INFOPLIST_FILE = "Teacher'sKnockWidget/Info.plist";
				INFOPLIST_KEY_CFBundleDisplayName = "Teacher'sKnockWidget";
				INFOPLIST_KEY_NSHumanReadableCopyright = "";
				IPHONEOS_DEPLOYMENT_TARGET = 26.0;
				LD_RUNPATH_SEARCH_PATHS = (
					"$(inherited)",
					"@executable_path/Frameworks",
					"@executable_path/../../Frameworks",
				);
				MARKETING_VERSION = 1.0;
				PRODUCT_BUNDLE_IDENTIFIER = "com.seoktaedev.TeachersKnock-ios.Teacher-sKnockWidget";
				PRODUCT_NAME = "$(TARGET_NAME)";
				SKIP_INSTALL = YES;
				STRING_CATALOG_GENERATE_SYMBOLS = YES;
				SWIFT_APPROACHABLE_CONCURRENCY = YES;
				SWIFT_EMIT_LOC_STRINGS = YES;
				SWIFT_UPCOMING_FEATURE_MEMBER_IMPORT_VISIBILITY = YES;
				SWIFT_VERSION = 5.0;
				TARGETED_DEVICE_FAMILY = "1,2";
			};
			name = Release;
		};
		54A1D36F2EDA8300008BD532 /* Debug */ = {
			isa = XCBuildConfiguration;
			buildSettings = {
				ALWAYS_SEARCH_USER_PATHS = NO;
				ASSETCATALOG_COMPILER_GENERATE_SWIFT_ASSET_SYMBOL_EXTENSIONS = YES;
				CLANG_ANALYZER_NONNULL = YES;
				CLANG_ANALYZER_NUMBER_OBJECT_CONVERSION = YES_AGGRESSIVE;
				CLANG_CXX_LANGUAGE_STANDARD = "gnu++20";
				CLANG_ENABLE_MODULES = YES;
				CLANG_ENABLE_OBJC_ARC = YES;
				CLANG_ENABLE_OBJC_WEAK = YES;
				CLANG_WARN_BLOCK_CAPTURE_AUTORELEASING = YES;
				CLANG_WARN_BOOL_CONVERSION = YES;
				CLANG_WARN_COMMA = YES;
				CLANG_WARN_CONSTANT_CONVERSION = YES;
				CLANG_WARN_DEPRECATED_OBJC_IMPLEMENTATIONS = YES;
				CLANG_WARN_DIRECT_OBJC_ISA_USAGE = YES_ERROR;
				CLANG_WARN_DOCUMENTATION_COMMENTS = YES;
				CLANG_WARN_EMPTY_BODY = YES;
				CLANG_WARN_ENUM_CONVERSION = YES;
				CLANG_WARN_INFINITE_RECURSION = YES;
				CLANG_WARN_INT_CONVERSION = YES;
				CLANG_WARN_NON_LITERAL_NULL_CONVERSION = YES;
				CLANG_WARN_OBJC_IMPLICIT_RETAIN_SELF = YES;
				CLANG_WARN_OBJC_LITERAL_CONVERSION = YES;
				CLANG_WARN_OBJC_ROOT_CLASS = YES_ERROR;
				CLANG_WARN_QUOTED_INCLUDE_IN_FRAMEWORK_HEADER = YES;
				CLANG_WARN_RANGE_LOOP_ANALYSIS = YES;
				CLANG_WARN_STRICT_PROTOTYPES = YES;
				CLANG_WARN_SUSPICIOUS_MOVE = YES;
				CLANG_WARN_UNGUARDED_AVAILABILITY = YES_AGGRESSIVE;
				CLANG_WARN_UNREACHABLE_CODE = YES;
				CLANG_WARN__DUPLICATE_METHOD_MATCH = YES;
				COPY_PHASE_STRIP = NO;
				DEBUG_INFORMATION_FORMAT = dwarf;
				ENABLE_STRICT_OBJC_MSGSEND = YES;
				ENABLE_TESTABILITY = YES;
				ENABLE_USER_SCRIPT_SANDBOXING = YES;
				GCC_C_LANGUAGE_STANDARD = gnu17;
				GCC_DYNAMIC_NO_PIC = NO;
				GCC_NO_COMMON_BLOCKS = YES;
				GCC_OPTIMIZATION_LEVEL = 0;
				GCC_PREPROCESSOR_DEFINITIONS = (
					"DEBUG=1",
					"$(inherited)",
				);
				GCC_WARN_64_TO_32_BIT_CONVERSION = YES;
				GCC_WARN_ABOUT_RETURN_TYPE = YES_ERROR;
				GCC_WARN_UNDECLARED_SELECTOR = YES;
				GCC_WARN_UNINITIALIZED_AUTOS = YES_AGGRESSIVE;
				GCC_WARN_UNUSED_FUNCTION = YES;
				GCC_WARN_UNUSED_VARIABLE = YES;
				IPHONEOS_DEPLOYMENT_TARGET = 26.1;
				LOCALIZATION_PREFERS_STRING_CATALOGS = YES;
				MTL_ENABLE_DEBUG_INFO = INCLUDE_SOURCE;
				MTL_FAST_MATH = YES;
				ONLY_ACTIVE_ARCH = YES;
				SDKROOT = iphoneos;
				SWIFT_ACTIVE_COMPILATION_CONDITIONS = "DEBUG $(inherited)";
				SWIFT_OPTIMIZATION_LEVEL = "-Onone";
			};
			name = Debug;
		};
		54A1D3702EDA8300008BD532 /* Release */ = {
			isa = XCBuildConfiguration;
			buildSettings = {
				ALWAYS_SEARCH_USER_PATHS = NO;
				ASSETCATALOG_COMPILER_GENERATE_SWIFT_ASSET_SYMBOL_EXTENSIONS = YES;
				CLANG_ANALYZER_NONNULL = YES;
				CLANG_ANALYZER_NUMBER_OBJECT_CONVERSION = YES_AGGRESSIVE;
				CLANG_CXX_LANGUAGE_STANDARD = "gnu++20";
				CLANG_ENABLE_MODULES = YES;
				CLANG_ENABLE_OBJC_ARC = YES;
				CLANG_ENABLE_OBJC_WEAK = YES;
				CLANG_WARN_BLOCK_CAPTURE_AUTORELEASING = YES;
				CLANG_WARN_BOOL_CONVERSION = YES;
				CLANG_WARN_COMMA = YES;
				CLANG_WARN_CONSTANT_CONVERSION = YES;
				CLANG_WARN_DEPRECATED_OBJC_IMPLEMENTATIONS = YES;
				CLANG_WARN_DIRECT_OBJC_ISA_USAGE = YES_ERROR;
				CLANG_WARN_DOCUMENTATION_COMMENTS = YES;
				CLANG_WARN_EMPTY_BODY = YES;
				CLANG_WARN_ENUM_CONVERSION = YES;
				CLANG_WARN_INFINITE_RECURSION = YES;
				CLANG_WARN_INT_CONVERSION = YES;
				CLANG_WARN_NON_LITERAL_NULL_CONVERSION = YES;
				CLANG_WARN_OBJC_IMPLICIT_RETAIN_SELF = YES;
				CLANG_WARN_OBJC_LITERAL_CONVERSION = YES;
				CLANG_WARN_OBJC_ROOT_CLASS = YES_ERROR;
				CLANG_WARN_QUOTED_INCLUDE_IN_FRAMEWORK_HEADER = YES;
				CLANG_WARN_RANGE_LOOP_ANALYSIS = YES;
				CLANG_WARN_STRICT_PROTOTYPES = YES;
				CLANG_WARN_SUSPICIOUS_MOVE = YES;
				CLANG_WARN_UNGUARDED_AVAILABILITY = YES_AGGRESSIVE;
				CLANG_WARN_UNREACHABLE_CODE = YES;
				CLANG_WARN__DUPLICATE_METHOD_MATCH = YES;
				COPY_PHASE_STRIP = NO;
				DEBUG_INFORMATION_FORMAT = "dwarf-with-dsym";
				ENABLE_NS_ASSERTIONS = NO;
				ENABLE_STRICT_OBJC_MSGSEND = YES;
				ENABLE_USER_SCRIPT_SANDBOXING = YES;
				GCC_C_LANGUAGE_STANDARD = gnu17;
				GCC_NO_COMMON_BLOCKS = YES;
				GCC_WARN_64_TO_32_BIT_CONVERSION = YES;
				GCC_WARN_ABOUT_RETURN_TYPE = YES_ERROR;
				GCC_WARN_UNDECLARED_SELECTOR = YES;
				GCC_WARN_UNINITIALIZED_AUTOS = YES_AGGRESSIVE;
				GCC_WARN_UNUSED_FUNCTION = YES;
				GCC_WARN_UNUSED_VARIABLE = YES;
				IPHONEOS_DEPLOYMENT_TARGET = 26.1;
				LOCALIZATION_PREFERS_STRING_CATALOGS = YES;
				MTL_ENABLE_DEBUG_INFO = NO;
				MTL_FAST_MATH = YES;
				SDKROOT = iphoneos;
				SWIFT_COMPILATION_MODE = wholemodule;
				VALIDATE_PRODUCT = YES;
			};
			name = Release;
		};
		54A1D3722EDA8300008BD532 /* Debug */ = {
			isa = XCBuildConfiguration;
			buildSettings = {
				ASSETCATALOG_COMPILER_APPICON_NAME = AppIcon;
				ASSETCATALOG_COMPILER_GLOBAL_ACCENT_COLOR_NAME = AccentColor;
				CODE_SIGN_ENTITLEMENTS = "Teacher'sKnock-ios/Teacher'sKnock-ios.entitlements";
				CODE_SIGN_STYLE = Automatic;
				CURRENT_PROJECT_VERSION = 2;
				DEVELOPMENT_TEAM = M576JMA5A7;
				ENABLE_PREVIEWS = YES;
				GENERATE_INFOPLIST_FILE = YES;
				INFOPLIST_FILE = "Teacher-sKnock-ios-Info.plist";
				INFOPLIST_KEY_UIApplicationSceneManifest_Generation = YES;
				INFOPLIST_KEY_UIApplicationSupportsIndirectInputEvents = YES;
				INFOPLIST_KEY_UILaunchScreen_Generation = YES;
				INFOPLIST_KEY_UISupportedInterfaceOrientations_iPad = "UIInterfaceOrientationPortrait UIInterfaceOrientationPortraitUpsideDown UIInterfaceOrientationLandscapeLeft UIInterfaceOrientationLandscapeRight";
				INFOPLIST_KEY_UISupportedInterfaceOrientations_iPhone = "UIInterfaceOrientationPortrait UIInterfaceOrientationLandscapeLeft UIInterfaceOrientationLandscapeRight";
				IPHONEOS_DEPLOYMENT_TARGET = 17.0;
				LD_RUNPATH_SEARCH_PATHS = (
					"$(inherited)",
					"@executable_path/Frameworks",
				);
				MARKETING_VERSION = 1.0;
				PRODUCT_BUNDLE_IDENTIFIER = "com.seoktaedev.TeachersKnock-ios";
				PRODUCT_NAME = "$(TARGET_NAME)";
				STRING_CATALOG_GENERATE_SYMBOLS = YES;
				SWIFT_APPROACHABLE_CONCURRENCY = YES;
				SWIFT_DEFAULT_ACTOR_ISOLATION = MainActor;
				SWIFT_EMIT_LOC_STRINGS = YES;
				SWIFT_UPCOMING_FEATURE_MEMBER_IMPORT_VISIBILITY = YES;
				SWIFT_VERSION = 5.0;
				TARGETED_DEVICE_FAMILY = "1,2";
			};
			name = Debug;
		};
		54A1D3732EDA8300008BD532 /* Release */ = {
			isa = XCBuildConfiguration;
			buildSettings = {
				ASSETCATALOG_COMPILER_APPICON_NAME = AppIcon;
				ASSETCATALOG_COMPILER_GLOBAL_ACCENT_COLOR_NAME = AccentColor;
				CODE_SIGN_ENTITLEMENTS = "Teacher'sKnock-ios/Teacher'sKnock-ios.entitlements";
				CODE_SIGN_STYLE = Automatic;
				CURRENT_PROJECT_VERSION = 2;
				DEVELOPMENT_TEAM = M576JMA5A7;
				ENABLE_PREVIEWS = YES;
				GENERATE_INFOPLIST_FILE = YES;
				INFOPLIST_FILE = "Teacher-sKnock-ios-Info.plist";
				INFOPLIST_KEY_UIApplicationSceneManifest_Generation = YES;
				INFOPLIST_KEY_UIApplicationSupportsIndirectInputEvents = YES;
				INFOPLIST_KEY_UILaunchScreen_Generation = YES;
				INFOPLIST_KEY_UISupportedInterfaceOrientations_iPad = "UIInterfaceOrientationPortrait UIInterfaceOrientationPortraitUpsideDown UIInterfaceOrientationLandscapeLeft UIInterfaceOrientationLandscapeRight";
				INFOPLIST_KEY_UISupportedInterfaceOrientations_iPhone = "UIInterfaceOrientationPortrait UIInterfaceOrientationLandscapeLeft UIInterfaceOrientationLandscapeRight";
				IPHONEOS_DEPLOYMENT_TARGET = 17.0;
				LD_RUNPATH_SEARCH_PATHS = (
					"$(inherited)",
					"@executable_path/Frameworks",
				);
				MARKETING_VERSION = 1.0;
				PRODUCT_BUNDLE_IDENTIFIER = "com.seoktaedev.TeachersKnock-ios";
				PRODUCT_NAME = "$(TARGET_NAME)";
				STRING_CATALOG_GENERATE_SYMBOLS = YES;
				SWIFT_APPROACHABLE_CONCURRENCY = YES;
				SWIFT_DEFAULT_ACTOR_ISOLATION = MainActor;
				SWIFT_EMIT_LOC_STRINGS = YES;
				SWIFT_UPCOMING_FEATURE_MEMBER_IMPORT_VISIBILITY = YES;
				SWIFT_VERSION = 5.0;
				TARGETED_DEVICE_FAMILY = "1,2";
			};
			name = Release;
		};
/* End XCBuildConfiguration section */

/* Begin XCConfigurationList section */
		5498D9032F062DE900BAB26B /* Build configuration list for PBXNativeTarget "Teacher'sKnockWidgetExtension" */ = {
			isa = XCConfigurationList;
			buildConfigurations = (
				5498D9002F062DE900BAB26B /* Debug */,
				5498D9012F062DE900BAB26B /* Release */,
			);
			defaultConfigurationIsVisible = 0;
			defaultConfigurationName = Release;
		};
		54A1D35F2EDA82FF008BD532 /* Build configuration list for PBXProject "Teacher'sKnock-ios" */ = {
			isa = XCConfigurationList;
			buildConfigurations = (
				54A1D36F2EDA8300008BD532 /* Debug */,
				54A1D3702EDA8300008BD532 /* Release */,
			);
			defaultConfigurationIsVisible = 0;
			defaultConfigurationName = Release;
		};
		54A1D3712EDA8300008BD532 /* Build configuration list for PBXNativeTarget "Teacher'sKnock-ios" */ = {
			isa = XCConfigurationList;
			buildConfigurations = (
				54A1D3722EDA8300008BD532 /* Debug */,
				54A1D3732EDA8300008BD532 /* Release */,
			);
			defaultConfigurationIsVisible = 0;
			defaultConfigurationName = Release;
		};
/* End XCConfigurationList section */

/* Begin XCRemoteSwiftPackageReference section */
		540ED2D42EDA9E9400CCC7A9 /* XCRemoteSwiftPackageReference "firebase-ios-sdk" */ = {
			isa = XCRemoteSwiftPackageReference;
			repositoryURL = "https://github.com/firebase/firebase-ios-sdk";
			requirement = {
				kind = upToNextMajorVersion;
				minimumVersion = 12.6.0;
			};
		};
		54195E1B2F139CE9009F01D4 /* XCRemoteSwiftPackageReference "purchases-ios-spm" */ = {
			isa = XCRemoteSwiftPackageReference;
			repositoryURL = "https://github.com/RevenueCat/purchases-ios-spm";
			requirement = {
				kind = upToNextMajorVersion;
				minimumVersion = 5.54.0;
			};
		};
/* End XCRemoteSwiftPackageReference section */

/* Begin XCSwiftPackageProductDependency section */
		540ED2D52EDA9E9400CCC7A9 /* FirebaseAnalytics */ = {
			isa = XCSwiftPackageProductDependency;
			package = 540ED2D42EDA9E9400CCC7A9 /* XCRemoteSwiftPackageReference "firebase-ios-sdk" */;
			productName = FirebaseAnalytics;
		};
		540ED2D72EDA9E9400CCC7A9 /* FirebaseAuth */ = {
			isa = XCSwiftPackageProductDependency;
			package = 540ED2D42EDA9E9400CCC7A9 /* XCRemoteSwiftPackageReference "firebase-ios-sdk" */;
			productName = FirebaseAuth;
		};
		54195E1C2F139CE9009F01D4 /* RevenueCat */ = {
			isa = XCSwiftPackageProductDependency;
			package = 54195E1B2F139CE9009F01D4 /* XCRemoteSwiftPackageReference "purchases-ios-spm" */;
			productName = RevenueCat;
		};
		54195E1E2F139CE9009F01D4 /* RevenueCatUI */ = {
			isa = XCSwiftPackageProductDependency;
			package = 54195E1B2F139CE9009F01D4 /* XCRemoteSwiftPackageReference "purchases-ios-spm" */;
			productName = RevenueCatUI;
		};
		543440912EDB139300E736A0 /* FirebaseFirestore */ = {
			isa = XCSwiftPackageProductDependency;
			package = 540ED2D42EDA9E9400CCC7A9 /* XCRemoteSwiftPackageReference "firebase-ios-sdk" */;
			productName = FirebaseFirestore;
		};
/* End XCSwiftPackageProductDependency section */
	};
	rootObject = 54A1D35C2EDA82FF008BD532 /* Project object */;
}
